{
    "version": 3,
    "terraform_version": "0.11.11",
    "serial": 21,
    "lineage": "3c44ed98-763c-363e-2f00-bdef34d48682",
    "modules": [
        {
            "path": [
                "root"
            ],
            "outputs": {
                "alb_dns_name": {
                    "sensitive": false,
                    "type": "string",
                    "value": "production-alb-ovassistant-655487418.eu-central-1.elb.amazonaws.com"
                },
                "mysql_host": {
                    "sensitive": false,
                    "type": "string",
                    "value": "production-database.cfmv0vbogkli.eu-central-1.rds.amazonaws.com"
                },
                "redis_host": {
                    "sensitive": false,
                    "type": "string",
                    "value": "production-cache.tjtfko.0001.euc1.cache.amazonaws.com"
                }
            },
            "resources": {},
            "depends_on": []
        },
        {
            "path": [
                "root",
                "code_pipeline"
            ],
            "outputs": {},
            "resources": {
                "aws_codebuild_project.ovassistant_build": {
                    "type": "aws_codebuild_project",
                    "depends_on": [
                        "aws_iam_role.codebuild_role",
                        "data.template_file.buildspec"
                    ],
                    "primary": {
                        "id": "arn:aws:codebuild:eu-central-1:235611970694:project/ovassistant-codebuild",
                        "attributes": {
                            "arn": "arn:aws:codebuild:eu-central-1:235611970694:project/ovassistant-codebuild",
                            "artifacts.#": "1",
                            "artifacts.2731293239.encryption_disabled": "false",
                            "artifacts.2731293239.location": "",
                            "artifacts.2731293239.name": "ovassistant-codebuild",
                            "artifacts.2731293239.namespace_type": "",
                            "artifacts.2731293239.packaging": "NONE",
                            "artifacts.2731293239.path": "",
                            "artifacts.2731293239.type": "CODEPIPELINE",
                            "badge_enabled": "false",
                            "badge_url": "",
                            "build_timeout": "10",
                            "cache.#": "1",
                            "cache.0.location": "",
                            "cache.0.type": "NO_CACHE",
                            "description": "",
                            "encryption_key": "arn:aws:kms:eu-central-1:235611970694:alias/aws/s3",
                            "environment.#": "1",
                            "environment.2764898933.certificate": "",
                            "environment.2764898933.compute_type": "BUILD_GENERAL1_SMALL",
                            "environment.2764898933.environment_variable.#": "0",
                            "environment.2764898933.image": "aws/codebuild/docker:1.12.1",
                            "environment.2764898933.image_pull_credentials_type": "CODEBUILD",
                            "environment.2764898933.privileged_mode": "true",
                            "environment.2764898933.type": "LINUX_CONTAINER",
                            "id": "arn:aws:codebuild:eu-central-1:235611970694:project/ovassistant-codebuild",
                            "name": "ovassistant-codebuild",
                            "secondary_artifacts.#": "0",
                            "secondary_sources.#": "0",
                            "service_role": "arn:aws:iam::235611970694:role/codebuild-role",
                            "source.#": "1",
                            "source.2938905429.auth.#": "0",
                            "source.2938905429.buildspec": "version: 0.2\n\nphases:\n  pre_build:\n    commands:\n      - pip install awscli --upgrade --user\n      - echo `aws --version`\n      - echo Logging in to Amazon ECR...\n      - $(aws ecr get-login --region eu-central-1 --no-include-email)\n      - REPOSITORY_URI=235611970694.dkr.ecr.eu-central-1.amazonaws.com/stepri/nodejs-connection-test\n      - IMAGE_TAG=$(echo $CODEBUILD_RESOLVED_SOURCE_VERSION | cut -c 1-7)\n      - echo Entered the pre_build phase...\n  build:\n    commands:\n      - echo Build started on `date`\n      - echo Building the Docker image...\n#      - cd app/api\n      - docker build -t $REPOSITORY_URI:latest .\n      - docker tag $REPOSITORY_URI:latest $REPOSITORY_URI:$IMAGE_TAG\n#      - cd ../../\n  post_build:\n    commands:\n      - echo Build completed on `date`\n      - echo Pushing the Docker images...\n      - docker push $REPOSITORY_URI:latest\n      - docker push $REPOSITORY_URI:$IMAGE_TAG\n      - echo Writing image definitions file...\n      - printf '[{\"name\":\"web\",\"imageUri\":\"%s\"}]' $REPOSITORY_URI:$IMAGE_TAG \u003e imagedefinitions.json\nartifacts:\n  files: imagedefinitions.json\n",
                            "source.2938905429.git_clone_depth": "0",
                            "source.2938905429.insecure_ssl": "false",
                            "source.2938905429.location": "",
                            "source.2938905429.report_build_status": "false",
                            "source.2938905429.type": "CODEPIPELINE",
                            "tags.%": "0",
                            "vpc_config.#": "0"
                        },
                        "meta": {},
                        "tainted": false
                    },
                    "deposed": [],
                    "provider": "provider.aws"
                },
                "aws_codepipeline.pipeline": {
                    "type": "aws_codepipeline",
                    "depends_on": [
                        "aws_iam_role.codepipeline_role",
                        "aws_s3_bucket.source"
                    ],
                    "primary": {
                        "id": "ovassistant-pipeline",
                        "attributes": {
                            "arn": "arn:aws:codepipeline:eu-central-1:235611970694:ovassistant-pipeline",
                            "artifact_store.#": "1",
                            "artifact_store.0.encryption_key.#": "0",
                            "artifact_store.0.location": "ovassistant-experiment-source",
                            "artifact_store.0.type": "S3",
                            "id": "ovassistant-pipeline",
                            "name": "ovassistant-pipeline",
                            "role_arn": "arn:aws:iam::235611970694:role/codepipeline-role",
                            "stage.#": "3",
                            "stage.0.action.#": "1",
                            "stage.0.action.0.category": "Source",
                            "stage.0.action.0.configuration.%": "3",
                            "stage.0.action.0.configuration.Branch": "master",
                            "stage.0.action.0.configuration.Owner": "stepri",
                            "stage.0.action.0.configuration.Repo": "nodejs-connection-test",
                            "stage.0.action.0.input_artifacts.#": "0",
                            "stage.0.action.0.name": "Source",
                            "stage.0.action.0.output_artifacts.#": "1",
                            "stage.0.action.0.output_artifacts.0": "source",
                            "stage.0.action.0.owner": "ThirdParty",
                            "stage.0.action.0.provider": "GitHub",
                            "stage.0.action.0.role_arn": "",
                            "stage.0.action.0.run_order": "1",
                            "stage.0.action.0.version": "1",
                            "stage.0.name": "Source",
                            "stage.1.action.#": "1",
                            "stage.1.action.0.category": "Build",
                            "stage.1.action.0.configuration.%": "1",
                            "stage.1.action.0.configuration.ProjectName": "ovassistant-codebuild",
                            "stage.1.action.0.input_artifacts.#": "1",
                            "stage.1.action.0.input_artifacts.0": "source",
                            "stage.1.action.0.name": "Build",
                            "stage.1.action.0.output_artifacts.#": "1",
                            "stage.1.action.0.output_artifacts.0": "imagedefinitions",
                            "stage.1.action.0.owner": "AWS",
                            "stage.1.action.0.provider": "CodeBuild",
                            "stage.1.action.0.role_arn": "",
                            "stage.1.action.0.run_order": "1",
                            "stage.1.action.0.version": "1",
                            "stage.1.name": "Build",
                            "stage.2.action.#": "1",
                            "stage.2.action.0.category": "Deploy",
                            "stage.2.action.0.configuration.%": "3",
                            "stage.2.action.0.configuration.ClusterName": "production-ecs-cluster",
                            "stage.2.action.0.configuration.FileName": "imagedefinitions.json",
                            "stage.2.action.0.configuration.ServiceName": "production-web",
                            "stage.2.action.0.input_artifacts.#": "1",
                            "stage.2.action.0.input_artifacts.0": "imagedefinitions",
                            "stage.2.action.0.name": "Deploy",
                            "stage.2.action.0.output_artifacts.#": "0",
                            "stage.2.action.0.owner": "AWS",
                            "stage.2.action.0.provider": "ECS",
                            "stage.2.action.0.role_arn": "",
                            "stage.2.action.0.run_order": "1",
                            "stage.2.action.0.version": "1",
                            "stage.2.name": "Production"
                        },
                        "meta": {},
                        "tainted": false
                    },
                    "deposed": [],
                    "provider": "provider.aws"
                },
                "aws_iam_role.codebuild_role": {
                    "type": "aws_iam_role",
                    "depends_on": [],
                    "primary": {
                        "id": "codebuild-role",
                        "attributes": {
                            "arn": "arn:aws:iam::235611970694:role/codebuild-role",
                            "assume_role_policy": "{\"Version\":\"2012-10-17\",\"Statement\":[{\"Effect\":\"Allow\",\"Principal\":{\"Service\":\"codebuild.amazonaws.com\"},\"Action\":\"sts:AssumeRole\"}]}",
                            "create_date": "2019-04-06T20:57:40Z",
                            "description": "",
                            "force_detach_policies": "false",
                            "id": "codebuild-role",
                            "max_session_duration": "3600",
                            "name": "codebuild-role",
                            "path": "/",
                            "tags.%": "0",
                            "unique_id": "AROATNW4RLSDHBNQSGHYP"
                        },
                        "meta": {},
                        "tainted": false
                    },
                    "deposed": [],
                    "provider": "provider.aws"
                },
                "aws_iam_role.codepipeline_role": {
                    "type": "aws_iam_role",
                    "depends_on": [],
                    "primary": {
                        "id": "codepipeline-role",
                        "attributes": {
                            "arn": "arn:aws:iam::235611970694:role/codepipeline-role",
                            "assume_role_policy": "{\"Version\":\"2012-10-17\",\"Statement\":[{\"Effect\":\"Allow\",\"Principal\":{\"Service\":\"codepipeline.amazonaws.com\"},\"Action\":\"sts:AssumeRole\"}]}",
                            "create_date": "2019-04-06T20:57:41Z",
                            "description": "",
                            "force_detach_policies": "false",
                            "id": "codepipeline-role",
                            "max_session_duration": "3600",
                            "name": "codepipeline-role",
                            "path": "/",
                            "tags.%": "0",
                            "unique_id": "AROATNW4RLSDJUMT3QYUF"
                        },
                        "meta": {},
                        "tainted": false
                    },
                    "deposed": [],
                    "provider": "provider.aws"
                },
                "aws_iam_role_policy.codebuild_policy": {
                    "type": "aws_iam_role_policy",
                    "depends_on": [
                        "aws_iam_role.codebuild_role",
                        "data.template_file.codebuild_policy"
                    ],
                    "primary": {
                        "id": "codebuild-role:codebuild-policy",
                        "attributes": {
                            "id": "codebuild-role:codebuild-policy",
                            "name": "codebuild-policy",
                            "policy": "{\n  \"Version\": \"2012-10-17\",\n  \"Statement\": [\n    {\n      \"Effect\": \"Allow\",\n      \"Resource\": [\n        \"*\"\n      ],\n      \"Action\": [\n        \"logs:CreateLogGroup\",\n        \"logs:CreateLogStream\",\n        \"logs:PutLogEvents\",\n        \"ecr:GetAuthorizationToken\",\n        \"ecr:InitiateLayerUpload\",\n        \"ecr:UploadLayerPart\",\n        \"ecr:CompleteLayerUpload\",\n        \"ecr:BatchCheckLayerAvailability\",\n        \"ecr:PutImage\",\n        \"ecs:RunTask\",\n        \"iam:PassRole\"\n      ]\n    },\n    {\n      \"Effect\":\"Allow\",\n      \"Action\": [\n        \"s3:GetObject\",\n        \"s3:GetObjectVersion\",\n        \"s3:GetBucketVersioning\",\n        \"s3:List*\",\n        \"s3:PutObject\"\n      ],\n      \"Resource\": [\n        \"arn:aws:s3:::ovassistant-experiment-source\",\n        \"arn:aws:s3:::ovassistant-experiment-source/*\"\n      ]\n    }\n  ]\n}\n",
                            "role": "codebuild-role"
                        },
                        "meta": {},
                        "tainted": false
                    },
                    "deposed": [],
                    "provider": "provider.aws"
                },
                "aws_iam_role_policy.codepipeline_policy": {
                    "type": "aws_iam_role_policy",
                    "depends_on": [
                        "aws_iam_role.codepipeline_role",
                        "data.template_file.codepipeline_policy"
                    ],
                    "primary": {
                        "id": "codepipeline-role:codepipeline_policy",
                        "attributes": {
                            "id": "codepipeline-role:codepipeline_policy",
                            "name": "codepipeline_policy",
                            "policy": "{\n  \"Version\": \"2012-10-17\",\n  \"Statement\": [\n    {\n      \"Effect\":\"Allow\",\n      \"Action\": [\n        \"s3:GetObject\",\n        \"s3:GetObjectVersion\",\n        \"s3:GetBucketVersioning\",\n        \"s3:List*\",\n        \"s3:PutObject\"\n      ],\n      \"Resource\": [\n        \"arn:aws:s3:::ovassistant-experiment-source\",\n        \"arn:aws:s3:::ovassistant-experiment-source/*\"\n      ]\n    },\n    {\n      \"Effect\": \"Allow\",\n      \"Action\": [\n        \"codebuild:BatchGetBuilds\",\n        \"codebuild:StartBuild\"\n      ],\n      \"Resource\": \"*\"\n    },\n    {\n      \"Action\": [\n        \"ecs:*\",\n        \"events:DescribeRule\",\n        \"events:DeleteRule\",\n        \"events:ListRuleNamesByTarget\",\n        \"events:ListTargetsByRule\",\n        \"events:PutRule\",\n        \"events:PutTargets\",\n        \"events:RemoveTargets\",\n        \"iam:ListAttachedRolePolicies\",\n        \"iam:ListInstanceProfiles\",\n        \"iam:ListRoles\",\n        \"logs:CreateLogGroup\",\n        \"logs:DescribeLogGroups\",\n        \"logs:FilterLogEvents\"\n      ],\n      \"Resource\": \"*\",\n      \"Effect\": \"Allow\"\n    },\n    {\n      \"Action\": \"iam:PassRole\",\n      \"Effect\": \"Allow\",\n      \"Resource\": [\n        \"*\"\n      ],\n      \"Condition\": {\n        \"StringLike\": {\n          \"iam:PassedToService\": \"ecs-tasks.amazonaws.com\"\n        }\n      }\n    },\n    {\n      \"Action\": \"iam:PassRole\",\n      \"Effect\": \"Allow\",\n      \"Resource\": [\n        \"arn:aws:iam::*:role/ecsInstanceRole*\"\n      ],\n      \"Condition\": {\n        \"StringLike\": {\n          \"iam:PassedToService\": [\n            \"ec2.amazonaws.com\",\n            \"ec2.amazonaws.com.cn\"\n          ]\n        }\n      }\n    },\n    {\n      \"Action\": \"iam:PassRole\",\n      \"Effect\": \"Allow\",\n      \"Resource\": [\n        \"arn:aws:iam::*:role/ecsAutoscaleRole*\"\n      ],\n      \"Condition\": {\n        \"StringLike\": {\n          \"iam:PassedToService\": [\n            \"application-autoscaling.amazonaws.com\",\n            \"application-autoscaling.amazonaws.com.cn\"\n          ]\n        }\n      }\n    },\n    {\n      \"Effect\": \"Allow\",\n      \"Action\": \"iam:CreateServiceLinkedRole\",\n      \"Resource\": \"*\",\n      \"Condition\": {\n        \"StringLike\": {\n          \"iam:AWSServiceName\": [\n            \"ecs.amazonaws.com\",\n            \"spot.amazonaws.com\",\n            \"spotfleet.amazonaws.com\"\n          ]\n        }\n      }\n    }\n  ]\n}\n",
                            "role": "codepipeline-role"
                        },
                        "meta": {},
                        "tainted": false
                    },
                    "deposed": [],
                    "provider": "provider.aws"
                },
                "aws_s3_bucket.source": {
                    "type": "aws_s3_bucket",
                    "depends_on": [],
                    "primary": {
                        "id": "ovassistant-experiment-source",
                        "attributes": {
                            "acceleration_status": "",
                            "acl": "private",
                            "arn": "arn:aws:s3:::ovassistant-experiment-source",
                            "bucket": "ovassistant-experiment-source",
                            "bucket_domain_name": "ovassistant-experiment-source.s3.amazonaws.com",
                            "bucket_regional_domain_name": "ovassistant-experiment-source.s3.eu-central-1.amazonaws.com",
                            "cors_rule.#": "0",
                            "force_destroy": "true",
                            "hosted_zone_id": "Z21DNDUVLTQW6Q",
                            "id": "ovassistant-experiment-source",
                            "lifecycle_rule.#": "0",
                            "logging.#": "0",
                            "object_lock_configuration.#": "0",
                            "region": "eu-central-1",
                            "replication_configuration.#": "0",
                            "request_payer": "BucketOwner",
                            "server_side_encryption_configuration.#": "0",
                            "tags.%": "0",
                            "versioning.#": "1",
                            "versioning.0.enabled": "false",
                            "versioning.0.mfa_delete": "false",
                            "website.#": "0"
                        },
                        "meta": {},
                        "tainted": false
                    },
                    "deposed": [],
                    "provider": "provider.aws"
                },
                "data.template_file.buildspec": {
                    "type": "template_file",
                    "depends_on": [],
                    "primary": {
                        "id": "682e290e4cd0059a810b804573a4dd498ad85c01768157527044c77fcba1a232",
                        "attributes": {
                            "id": "682e290e4cd0059a810b804573a4dd498ad85c01768157527044c77fcba1a232",
                            "rendered": "version: 0.2\n\nphases:\n  pre_build:\n    commands:\n      - pip install awscli --upgrade --user\n      - echo `aws --version`\n      - echo Logging in to Amazon ECR...\n      - $(aws ecr get-login --region eu-central-1 --no-include-email)\n      - REPOSITORY_URI=235611970694.dkr.ecr.eu-central-1.amazonaws.com/stepri/nodejs-connection-test\n      - IMAGE_TAG=$(echo $CODEBUILD_RESOLVED_SOURCE_VERSION | cut -c 1-7)\n      - echo Entered the pre_build phase...\n  build:\n    commands:\n      - echo Build started on `date`\n      - echo Building the Docker image...\n#      - cd app/api\n      - docker build -t $REPOSITORY_URI:latest .\n      - docker tag $REPOSITORY_URI:latest $REPOSITORY_URI:$IMAGE_TAG\n#      - cd ../../\n  post_build:\n    commands:\n      - echo Build completed on `date`\n      - echo Pushing the Docker images...\n      - docker push $REPOSITORY_URI:latest\n      - docker push $REPOSITORY_URI:$IMAGE_TAG\n      - echo Writing image definitions file...\n      - printf '[{\"name\":\"web\",\"imageUri\":\"%s\"}]' $REPOSITORY_URI:$IMAGE_TAG \u003e imagedefinitions.json\nartifacts:\n  files: imagedefinitions.json\n",
                            "template": "version: 0.2\n\nphases:\n  pre_build:\n    commands:\n      - pip install awscli --upgrade --user\n      - echo `aws --version`\n      - echo Logging in to Amazon ECR...\n      - $(aws ecr get-login --region ${region} --no-include-email)\n      - REPOSITORY_URI=${repository_url}\n      - IMAGE_TAG=$(echo $CODEBUILD_RESOLVED_SOURCE_VERSION | cut -c 1-7)\n      - echo Entered the pre_build phase...\n  build:\n    commands:\n      - echo Build started on `date`\n      - echo Building the Docker image...\n#      - cd app/api\n      - docker build -t $REPOSITORY_URI:latest .\n      - docker tag $REPOSITORY_URI:latest $REPOSITORY_URI:$IMAGE_TAG\n#      - cd ../../\n  post_build:\n    commands:\n      - echo Build completed on `date`\n      - echo Pushing the Docker images...\n      - docker push $REPOSITORY_URI:latest\n      - docker push $REPOSITORY_URI:$IMAGE_TAG\n      - echo Writing image definitions file...\n      - printf '[{\"name\":\"web\",\"imageUri\":\"%s\"}]' $REPOSITORY_URI:$IMAGE_TAG \u003e imagedefinitions.json\nartifacts:\n  files: imagedefinitions.json\n",
                            "vars.%": "5",
                            "vars.cluster_name": "production-ecs-cluster",
                            "vars.region": "eu-central-1",
                            "vars.repository_url": "235611970694.dkr.ecr.eu-central-1.amazonaws.com/stepri/nodejs-connection-test",
                            "vars.security_group_ids": "sg-0e8549f18e3b3a937,sg-0133afcb17081bcc6,sg-059e6e8df22a2a22a,sg-0305128af98db27e4",
                            "vars.subnet_id": "subnet-0a6a0e7ce96d9c2b6"
                        },
                        "meta": {},
                        "tainted": false
                    },
                    "deposed": [],
                    "provider": "provider.template"
                },
                "data.template_file.codebuild_policy": {
                    "type": "template_file",
                    "depends_on": [
                        "aws_s3_bucket.source"
                    ],
                    "primary": {
                        "id": "445d46e996bc0e58073206169fb26c65bdba7d74290f3e768a4c8140d5af5277",
                        "attributes": {
                            "id": "445d46e996bc0e58073206169fb26c65bdba7d74290f3e768a4c8140d5af5277",
                            "rendered": "{\n  \"Version\": \"2012-10-17\",\n  \"Statement\": [\n    {\n      \"Effect\": \"Allow\",\n      \"Resource\": [\n        \"*\"\n      ],\n      \"Action\": [\n        \"logs:CreateLogGroup\",\n        \"logs:CreateLogStream\",\n        \"logs:PutLogEvents\",\n        \"ecr:GetAuthorizationToken\",\n        \"ecr:InitiateLayerUpload\",\n        \"ecr:UploadLayerPart\",\n        \"ecr:CompleteLayerUpload\",\n        \"ecr:BatchCheckLayerAvailability\",\n        \"ecr:PutImage\",\n        \"ecs:RunTask\",\n        \"iam:PassRole\"\n      ]\n    },\n    {\n      \"Effect\":\"Allow\",\n      \"Action\": [\n        \"s3:GetObject\",\n        \"s3:GetObjectVersion\",\n        \"s3:GetBucketVersioning\",\n        \"s3:List*\",\n        \"s3:PutObject\"\n      ],\n      \"Resource\": [\n        \"arn:aws:s3:::ovassistant-experiment-source\",\n        \"arn:aws:s3:::ovassistant-experiment-source/*\"\n      ]\n    }\n  ]\n}\n",
                            "template": "{\n  \"Version\": \"2012-10-17\",\n  \"Statement\": [\n    {\n      \"Effect\": \"Allow\",\n      \"Resource\": [\n        \"*\"\n      ],\n      \"Action\": [\n        \"logs:CreateLogGroup\",\n        \"logs:CreateLogStream\",\n        \"logs:PutLogEvents\",\n        \"ecr:GetAuthorizationToken\",\n        \"ecr:InitiateLayerUpload\",\n        \"ecr:UploadLayerPart\",\n        \"ecr:CompleteLayerUpload\",\n        \"ecr:BatchCheckLayerAvailability\",\n        \"ecr:PutImage\",\n        \"ecs:RunTask\",\n        \"iam:PassRole\"\n      ]\n    },\n    {\n      \"Effect\":\"Allow\",\n      \"Action\": [\n        \"s3:GetObject\",\n        \"s3:GetObjectVersion\",\n        \"s3:GetBucketVersioning\",\n        \"s3:List*\",\n        \"s3:PutObject\"\n      ],\n      \"Resource\": [\n        \"${aws_s3_bucket_arn}\",\n        \"${aws_s3_bucket_arn}/*\"\n      ]\n    }\n  ]\n}\n",
                            "vars.%": "1",
                            "vars.aws_s3_bucket_arn": "arn:aws:s3:::ovassistant-experiment-source"
                        },
                        "meta": {},
                        "tainted": false
                    },
                    "deposed": [],
                    "provider": "provider.template"
                },
                "data.template_file.codepipeline_policy": {
                    "type": "template_file",
                    "depends_on": [
                        "aws_s3_bucket.source"
                    ],
                    "primary": {
                        "id": "e0fdfcdd942491278e59f650d89175c046af9123011bf63b9143e28489be8d6b",
                        "attributes": {
                            "id": "e0fdfcdd942491278e59f650d89175c046af9123011bf63b9143e28489be8d6b",
                            "rendered": "{\n  \"Version\": \"2012-10-17\",\n  \"Statement\": [\n    {\n      \"Effect\":\"Allow\",\n      \"Action\": [\n        \"s3:GetObject\",\n        \"s3:GetObjectVersion\",\n        \"s3:GetBucketVersioning\",\n        \"s3:List*\",\n        \"s3:PutObject\"\n      ],\n      \"Resource\": [\n        \"arn:aws:s3:::ovassistant-experiment-source\",\n        \"arn:aws:s3:::ovassistant-experiment-source/*\"\n      ]\n    },\n    {\n      \"Effect\": \"Allow\",\n      \"Action\": [\n        \"codebuild:BatchGetBuilds\",\n        \"codebuild:StartBuild\"\n      ],\n      \"Resource\": \"*\"\n    },\n    {\n      \"Action\": [\n        \"ecs:*\",\n        \"events:DescribeRule\",\n        \"events:DeleteRule\",\n        \"events:ListRuleNamesByTarget\",\n        \"events:ListTargetsByRule\",\n        \"events:PutRule\",\n        \"events:PutTargets\",\n        \"events:RemoveTargets\",\n        \"iam:ListAttachedRolePolicies\",\n        \"iam:ListInstanceProfiles\",\n        \"iam:ListRoles\",\n        \"logs:CreateLogGroup\",\n        \"logs:DescribeLogGroups\",\n        \"logs:FilterLogEvents\"\n      ],\n      \"Resource\": \"*\",\n      \"Effect\": \"Allow\"\n    },\n    {\n      \"Action\": \"iam:PassRole\",\n      \"Effect\": \"Allow\",\n      \"Resource\": [\n        \"*\"\n      ],\n      \"Condition\": {\n        \"StringLike\": {\n          \"iam:PassedToService\": \"ecs-tasks.amazonaws.com\"\n        }\n      }\n    },\n    {\n      \"Action\": \"iam:PassRole\",\n      \"Effect\": \"Allow\",\n      \"Resource\": [\n        \"arn:aws:iam::*:role/ecsInstanceRole*\"\n      ],\n      \"Condition\": {\n        \"StringLike\": {\n          \"iam:PassedToService\": [\n            \"ec2.amazonaws.com\",\n            \"ec2.amazonaws.com.cn\"\n          ]\n        }\n      }\n    },\n    {\n      \"Action\": \"iam:PassRole\",\n      \"Effect\": \"Allow\",\n      \"Resource\": [\n        \"arn:aws:iam::*:role/ecsAutoscaleRole*\"\n      ],\n      \"Condition\": {\n        \"StringLike\": {\n          \"iam:PassedToService\": [\n            \"application-autoscaling.amazonaws.com\",\n            \"application-autoscaling.amazonaws.com.cn\"\n          ]\n        }\n      }\n    },\n    {\n      \"Effect\": \"Allow\",\n      \"Action\": \"iam:CreateServiceLinkedRole\",\n      \"Resource\": \"*\",\n      \"Condition\": {\n        \"StringLike\": {\n          \"iam:AWSServiceName\": [\n            \"ecs.amazonaws.com\",\n            \"spot.amazonaws.com\",\n            \"spotfleet.amazonaws.com\"\n          ]\n        }\n      }\n    }\n  ]\n}\n",
                            "template": "{\n  \"Version\": \"2012-10-17\",\n  \"Statement\": [\n    {\n      \"Effect\":\"Allow\",\n      \"Action\": [\n        \"s3:GetObject\",\n        \"s3:GetObjectVersion\",\n        \"s3:GetBucketVersioning\",\n        \"s3:List*\",\n        \"s3:PutObject\"\n      ],\n      \"Resource\": [\n        \"${aws_s3_bucket_arn}\",\n        \"${aws_s3_bucket_arn}/*\"\n      ]\n    },\n    {\n      \"Effect\": \"Allow\",\n      \"Action\": [\n        \"codebuild:BatchGetBuilds\",\n        \"codebuild:StartBuild\"\n      ],\n      \"Resource\": \"*\"\n    },\n    {\n      \"Action\": [\n        \"ecs:*\",\n        \"events:DescribeRule\",\n        \"events:DeleteRule\",\n        \"events:ListRuleNamesByTarget\",\n        \"events:ListTargetsByRule\",\n        \"events:PutRule\",\n        \"events:PutTargets\",\n        \"events:RemoveTargets\",\n        \"iam:ListAttachedRolePolicies\",\n        \"iam:ListInstanceProfiles\",\n        \"iam:ListRoles\",\n        \"logs:CreateLogGroup\",\n        \"logs:DescribeLogGroups\",\n        \"logs:FilterLogEvents\"\n      ],\n      \"Resource\": \"*\",\n      \"Effect\": \"Allow\"\n    },\n    {\n      \"Action\": \"iam:PassRole\",\n      \"Effect\": \"Allow\",\n      \"Resource\": [\n        \"*\"\n      ],\n      \"Condition\": {\n        \"StringLike\": {\n          \"iam:PassedToService\": \"ecs-tasks.amazonaws.com\"\n        }\n      }\n    },\n    {\n      \"Action\": \"iam:PassRole\",\n      \"Effect\": \"Allow\",\n      \"Resource\": [\n        \"arn:aws:iam::*:role/ecsInstanceRole*\"\n      ],\n      \"Condition\": {\n        \"StringLike\": {\n          \"iam:PassedToService\": [\n            \"ec2.amazonaws.com\",\n            \"ec2.amazonaws.com.cn\"\n          ]\n        }\n      }\n    },\n    {\n      \"Action\": \"iam:PassRole\",\n      \"Effect\": \"Allow\",\n      \"Resource\": [\n        \"arn:aws:iam::*:role/ecsAutoscaleRole*\"\n      ],\n      \"Condition\": {\n        \"StringLike\": {\n          \"iam:PassedToService\": [\n            \"application-autoscaling.amazonaws.com\",\n            \"application-autoscaling.amazonaws.com.cn\"\n          ]\n        }\n      }\n    },\n    {\n      \"Effect\": \"Allow\",\n      \"Action\": \"iam:CreateServiceLinkedRole\",\n      \"Resource\": \"*\",\n      \"Condition\": {\n        \"StringLike\": {\n          \"iam:AWSServiceName\": [\n            \"ecs.amazonaws.com\",\n            \"spot.amazonaws.com\",\n            \"spotfleet.amazonaws.com\"\n          ]\n        }\n      }\n    }\n  ]\n}\n",
                            "vars.%": "1",
                            "vars.aws_s3_bucket_arn": "arn:aws:s3:::ovassistant-experiment-source"
                        },
                        "meta": {},
                        "tainted": false
                    },
                    "deposed": [],
                    "provider": "provider.template"
                }
            },
            "depends_on": []
        },
        {
            "path": [
                "root",
                "ecs"
            ],
            "outputs": {
                "alb_dns_name": {
                    "sensitive": false,
                    "type": "string",
                    "value": "production-alb-ovassistant-655487418.eu-central-1.elb.amazonaws.com"
                },
                "alb_zone_id": {
                    "sensitive": false,
                    "type": "string",
                    "value": "Z215JYRZR1TBD5"
                },
                "cluster_name": {
                    "sensitive": false,
                    "type": "string",
                    "value": "production-ecs-cluster"
                },
                "repository_url": {
                    "sensitive": false,
                    "type": "string",
                    "value": "235611970694.dkr.ecr.eu-central-1.amazonaws.com/stepri/nodejs-connection-test"
                },
                "security_group_id": {
                    "sensitive": false,
                    "type": "string",
                    "value": "sg-0305128af98db27e4"
                },
                "service_name": {
                    "sensitive": false,
                    "type": "string",
                    "value": "production-web"
                }
            },
            "resources": {
                "aws_alb.alb_ovassistant": {
                    "type": "aws_alb",
                    "depends_on": [
                        "aws_security_group.web_inbound_sg"
                    ],
                    "primary": {
                        "id": "arn:aws:elasticloadbalancing:eu-central-1:235611970694:loadbalancer/app/production-alb-ovassistant/557a45922a687624",
                        "attributes": {
                            "access_logs.#": "0",
                            "arn": "arn:aws:elasticloadbalancing:eu-central-1:235611970694:loadbalancer/app/production-alb-ovassistant/557a45922a687624",
                            "arn_suffix": "app/production-alb-ovassistant/557a45922a687624",
                            "dns_name": "production-alb-ovassistant-655487418.eu-central-1.elb.amazonaws.com",
                            "enable_deletion_protection": "false",
                            "enable_http2": "true",
                            "id": "arn:aws:elasticloadbalancing:eu-central-1:235611970694:loadbalancer/app/production-alb-ovassistant/557a45922a687624",
                            "idle_timeout": "60",
                            "internal": "false",
                            "ip_address_type": "ipv4",
                            "load_balancer_type": "application",
                            "name": "production-alb-ovassistant",
                            "security_groups.#": "4",
                            "security_groups.1239359904": "sg-0d1abcd9765d797bc",
                            "security_groups.27599753": "sg-059e6e8df22a2a22a",
                            "security_groups.3032287483": "sg-0133afcb17081bcc6",
                            "security_groups.342030464": "sg-0e8549f18e3b3a937",
                            "subnet_mapping.#": "0",
                            "subnets.#": "2",
                            "subnets.3140112391": "subnet-0a037ff37a5499cc7",
                            "subnets.3545663196": "subnet-087995fc64021dee1",
                            "tags.%": "2",
                            "tags.Environment": "production",
                            "tags.Name": "production-alb-ovassistant",
                            "vpc_id": "vpc-079b65e7329b53c0d",
                            "zone_id": "Z215JYRZR1TBD5"
                        },
                        "meta": {
                            "e2bfb730-ecaa-11e6-8f88-34363bc7c4c0": {
                                "create": 600000000000,
                                "delete": 600000000000,
                                "update": 600000000000
                            }
                        },
                        "tainted": false
                    },
                    "deposed": [],
                    "provider": "provider.aws"
                },
                "aws_alb_listener.ovassistant": {
                    "type": "aws_alb_listener",
                    "depends_on": [
                        "aws_alb.alb_ovassistant",
                        "aws_alb_target_group.alb_target_group"
                    ],
                    "primary": {
                        "id": "arn:aws:elasticloadbalancing:eu-central-1:235611970694:listener/app/production-alb-ovassistant/557a45922a687624/4949c443ff3dce77",
                        "attributes": {
                            "arn": "arn:aws:elasticloadbalancing:eu-central-1:235611970694:listener/app/production-alb-ovassistant/557a45922a687624/4949c443ff3dce77",
                            "default_action.#": "1",
                            "default_action.0.authenticate_cognito.#": "0",
                            "default_action.0.authenticate_oidc.#": "0",
                            "default_action.0.fixed_response.#": "0",
                            "default_action.0.order": "1",
                            "default_action.0.redirect.#": "0",
                            "default_action.0.target_group_arn": "arn:aws:elasticloadbalancing:eu-central-1:235611970694:targetgroup/production-alb-target-group-c335/d05ca48b4e28fd3c",
                            "default_action.0.type": "forward",
                            "id": "arn:aws:elasticloadbalancing:eu-central-1:235611970694:listener/app/production-alb-ovassistant/557a45922a687624/4949c443ff3dce77",
                            "load_balancer_arn": "arn:aws:elasticloadbalancing:eu-central-1:235611970694:loadbalancer/app/production-alb-ovassistant/557a45922a687624",
                            "port": "80",
                            "protocol": "HTTP",
                            "ssl_policy": ""
                        },
                        "meta": {
                            "e2bfb730-ecaa-11e6-8f88-34363bc7c4c0": {
                                "read": 600000000000
                            }
                        },
                        "tainted": false
                    },
                    "deposed": [],
                    "provider": "provider.aws"
                },
                "aws_alb_target_group.alb_target_group": {
                    "type": "aws_alb_target_group",
                    "depends_on": [
                        "random_id.target_group_sufix"
                    ],
                    "primary": {
                        "id": "arn:aws:elasticloadbalancing:eu-central-1:235611970694:targetgroup/production-alb-target-group-c335/d05ca48b4e28fd3c",
                        "attributes": {
                            "arn": "arn:aws:elasticloadbalancing:eu-central-1:235611970694:targetgroup/production-alb-target-group-c335/d05ca48b4e28fd3c",
                            "arn_suffix": "targetgroup/production-alb-target-group-c335/d05ca48b4e28fd3c",
                            "deregistration_delay": "300",
                            "health_check.#": "1",
                            "health_check.0.enabled": "true",
                            "health_check.0.healthy_threshold": "5",
                            "health_check.0.interval": "30",
                            "health_check.0.matcher": "200",
                            "health_check.0.path": "/",
                            "health_check.0.port": "traffic-port",
                            "health_check.0.protocol": "HTTP",
                            "health_check.0.timeout": "5",
                            "health_check.0.unhealthy_threshold": "2",
                            "id": "arn:aws:elasticloadbalancing:eu-central-1:235611970694:targetgroup/production-alb-target-group-c335/d05ca48b4e28fd3c",
                            "lambda_multi_value_headers_enabled": "false",
                            "name": "production-alb-target-group-c335",
                            "port": "80",
                            "protocol": "HTTP",
                            "proxy_protocol_v2": "false",
                            "slow_start": "0",
                            "stickiness.#": "1",
                            "stickiness.0.cookie_duration": "86400",
                            "stickiness.0.enabled": "false",
                            "stickiness.0.type": "lb_cookie",
                            "tags.%": "0",
                            "target_type": "ip",
                            "vpc_id": "vpc-079b65e7329b53c0d"
                        },
                        "meta": {},
                        "tainted": false
                    },
                    "deposed": [],
                    "provider": "provider.aws"
                },
                "aws_appautoscaling_policy.down": {
                    "type": "aws_appautoscaling_policy",
                    "depends_on": [
                        "aws_appautoscaling_target.target",
                        "aws_ecs_cluster.cluster",
                        "aws_ecs_service.web"
                    ],
                    "primary": {
                        "id": "production_scale_down",
                        "attributes": {
                            "alarms.#": "0",
                            "arn": "arn:aws:autoscaling:eu-central-1:235611970694:scalingPolicy:e70607f5-4f78-4a80-bda6-57cdbf6d44c0:resource/ecs/service/production-ecs-cluster/production-web:policyName/production_scale_down",
                            "id": "production_scale_down",
                            "name": "production_scale_down",
                            "policy_type": "StepScaling",
                            "resource_id": "service/production-ecs-cluster/production-web",
                            "scalable_dimension": "ecs:service:DesiredCount",
                            "service_namespace": "ecs",
                            "step_scaling_policy_configuration.#": "1",
                            "step_scaling_policy_configuration.0.adjustment_type": "ChangeInCapacity",
                            "step_scaling_policy_configuration.0.cooldown": "60",
                            "step_scaling_policy_configuration.0.metric_aggregation_type": "Maximum",
                            "step_scaling_policy_configuration.0.min_adjustment_magnitude": "0",
                            "step_scaling_policy_configuration.0.step_adjustment.#": "1",
                            "step_scaling_policy_configuration.0.step_adjustment.453260054.metric_interval_lower_bound": "0",
                            "step_scaling_policy_configuration.0.step_adjustment.453260054.metric_interval_upper_bound": "",
                            "step_scaling_policy_configuration.0.step_adjustment.453260054.scaling_adjustment": "-1",
                            "target_tracking_scaling_policy_configuration.#": "0"
                        },
                        "meta": {},
                        "tainted": false
                    },
                    "deposed": [],
                    "provider": "provider.aws"
                },
                "aws_appautoscaling_policy.up": {
                    "type": "aws_appautoscaling_policy",
                    "depends_on": [
                        "aws_appautoscaling_target.target",
                        "aws_ecs_cluster.cluster",
                        "aws_ecs_service.web"
                    ],
                    "primary": {
                        "id": "production_scale_up",
                        "attributes": {
                            "alarms.#": "0",
                            "arn": "arn:aws:autoscaling:eu-central-1:235611970694:scalingPolicy:e70607f5-4f78-4a80-bda6-57cdbf6d44c0:resource/ecs/service/production-ecs-cluster/production-web:policyName/production_scale_up",
                            "id": "production_scale_up",
                            "name": "production_scale_up",
                            "policy_type": "StepScaling",
                            "resource_id": "service/production-ecs-cluster/production-web",
                            "scalable_dimension": "ecs:service:DesiredCount",
                            "service_namespace": "ecs",
                            "step_scaling_policy_configuration.#": "1",
                            "step_scaling_policy_configuration.0.adjustment_type": "ChangeInCapacity",
                            "step_scaling_policy_configuration.0.cooldown": "60",
                            "step_scaling_policy_configuration.0.metric_aggregation_type": "Maximum",
                            "step_scaling_policy_configuration.0.min_adjustment_magnitude": "0",
                            "step_scaling_policy_configuration.0.step_adjustment.#": "1",
                            "step_scaling_policy_configuration.0.step_adjustment.207530251.metric_interval_lower_bound": "0",
                            "step_scaling_policy_configuration.0.step_adjustment.207530251.metric_interval_upper_bound": "",
                            "step_scaling_policy_configuration.0.step_adjustment.207530251.scaling_adjustment": "1",
                            "target_tracking_scaling_policy_configuration.#": "0"
                        },
                        "meta": {},
                        "tainted": false
                    },
                    "deposed": [],
                    "provider": "provider.aws"
                },
                "aws_appautoscaling_target.target": {
                    "type": "aws_appautoscaling_target",
                    "depends_on": [
                        "aws_ecs_cluster.cluster",
                        "aws_ecs_service.web",
                        "aws_iam_role.ecs_autoscale_role"
                    ],
                    "primary": {
                        "id": "service/production-ecs-cluster/production-web",
                        "attributes": {
                            "id": "service/production-ecs-cluster/production-web",
                            "max_capacity": "3",
                            "min_capacity": "1",
                            "resource_id": "service/production-ecs-cluster/production-web",
                            "role_arn": "arn:aws:iam::235611970694:role/aws-service-role/ecs.application-autoscaling.amazonaws.com/AWSServiceRoleForApplicationAutoScaling_ECSService",
                            "scalable_dimension": "ecs:service:DesiredCount",
                            "service_namespace": "ecs"
                        },
                        "meta": {},
                        "tainted": false
                    },
                    "deposed": [],
                    "provider": "provider.aws"
                },
                "aws_cloudwatch_log_group.ovassistant": {
                    "type": "aws_cloudwatch_log_group",
                    "depends_on": [],
                    "primary": {
                        "id": "ovassistant",
                        "attributes": {
                            "arn": "arn:aws:logs:eu-central-1:235611970694:log-group:ovassistant:*",
                            "id": "ovassistant",
                            "kms_key_id": "",
                            "name": "ovassistant",
                            "retention_in_days": "0",
                            "tags.%": "2",
                            "tags.Application": "OV Assistant",
                            "tags.Environment": "production"
                        },
                        "meta": {},
                        "tainted": false
                    },
                    "deposed": [],
                    "provider": "provider.aws"
                },
                "aws_cloudwatch_metric_alarm.service_cpu_high": {
                    "type": "aws_cloudwatch_metric_alarm",
                    "depends_on": [
                        "aws_appautoscaling_policy.down",
                        "aws_appautoscaling_policy.up",
                        "aws_ecs_cluster.cluster",
                        "aws_ecs_service.web"
                    ],
                    "primary": {
                        "id": "production_ovassistant_web_cpu_utilization_high",
                        "attributes": {
                            "actions_enabled": "true",
                            "alarm_actions.#": "1",
                            "alarm_actions.356633685": "arn:aws:autoscaling:eu-central-1:235611970694:scalingPolicy:e70607f5-4f78-4a80-bda6-57cdbf6d44c0:resource/ecs/service/production-ecs-cluster/production-web:policyName/production_scale_up",
                            "alarm_description": "",
                            "alarm_name": "production_ovassistant_web_cpu_utilization_high",
                            "arn": "arn:aws:cloudwatch:eu-central-1:235611970694:alarm:production_ovassistant_web_cpu_utilization_high",
                            "comparison_operator": "GreaterThanOrEqualToThreshold",
                            "datapoints_to_alarm": "0",
                            "dimensions.%": "2",
                            "dimensions.ClusterName": "production-ecs-cluster",
                            "dimensions.ServiceName": "production-web",
                            "evaluate_low_sample_count_percentiles": "",
                            "evaluation_periods": "2",
                            "extended_statistic": "",
                            "id": "production_ovassistant_web_cpu_utilization_high",
                            "insufficient_data_actions.#": "0",
                            "metric_name": "CPUUtilization",
                            "namespace": "AWS/ECS",
                            "ok_actions.#": "1",
                            "ok_actions.560748525": "arn:aws:autoscaling:eu-central-1:235611970694:scalingPolicy:e70607f5-4f78-4a80-bda6-57cdbf6d44c0:resource/ecs/service/production-ecs-cluster/production-web:policyName/production_scale_down",
                            "period": "60",
                            "statistic": "Maximum",
                            "tags.%": "0",
                            "threshold": "85",
                            "treat_missing_data": "missing",
                            "unit": ""
                        },
                        "meta": {
                            "schema_version": "1"
                        },
                        "tainted": false
                    },
                    "deposed": [],
                    "provider": "provider.aws"
                },
                "aws_cloudwatch_metric_alarm.service_memory_high": {
                    "type": "aws_cloudwatch_metric_alarm",
                    "depends_on": [
                        "aws_appautoscaling_policy.down",
                        "aws_appautoscaling_policy.up",
                        "aws_ecs_cluster.cluster",
                        "aws_ecs_service.web"
                    ],
                    "primary": {
                        "id": "production_ovassistant_web_memory_utilization_high",
                        "attributes": {
                            "actions_enabled": "true",
                            "alarm_actions.#": "1",
                            "alarm_actions.356633685": "arn:aws:autoscaling:eu-central-1:235611970694:scalingPolicy:e70607f5-4f78-4a80-bda6-57cdbf6d44c0:resource/ecs/service/production-ecs-cluster/production-web:policyName/production_scale_up",
                            "alarm_description": "",
                            "alarm_name": "production_ovassistant_web_memory_utilization_high",
                            "arn": "arn:aws:cloudwatch:eu-central-1:235611970694:alarm:production_ovassistant_web_memory_utilization_high",
                            "comparison_operator": "GreaterThanOrEqualToThreshold",
                            "datapoints_to_alarm": "0",
                            "dimensions.%": "2",
                            "dimensions.ClusterName": "production-ecs-cluster",
                            "dimensions.ServiceName": "production-web",
                            "evaluate_low_sample_count_percentiles": "",
                            "evaluation_periods": "2",
                            "extended_statistic": "",
                            "id": "production_ovassistant_web_memory_utilization_high",
                            "insufficient_data_actions.#": "0",
                            "metric_name": "MemoryUtilization",
                            "namespace": "AWS/ECS",
                            "ok_actions.#": "1",
                            "ok_actions.560748525": "arn:aws:autoscaling:eu-central-1:235611970694:scalingPolicy:e70607f5-4f78-4a80-bda6-57cdbf6d44c0:resource/ecs/service/production-ecs-cluster/production-web:policyName/production_scale_down",
                            "period": "60",
                            "statistic": "Maximum",
                            "tags.%": "0",
                            "threshold": "85",
                            "treat_missing_data": "missing",
                            "unit": ""
                        },
                        "meta": {
                            "schema_version": "1"
                        },
                        "tainted": false
                    },
                    "deposed": [],
                    "provider": "provider.aws"
                },
                "aws_ecr_repository.ovassistant_app": {
                    "type": "aws_ecr_repository",
                    "depends_on": [],
                    "primary": {
                        "id": "stepri/nodejs-connection-test",
                        "attributes": {
                            "arn": "arn:aws:ecr:eu-central-1:235611970694:repository/stepri/nodejs-connection-test",
                            "id": "stepri/nodejs-connection-test",
                            "name": "stepri/nodejs-connection-test",
                            "registry_id": "235611970694",
                            "repository_url": "235611970694.dkr.ecr.eu-central-1.amazonaws.com/stepri/nodejs-connection-test",
                            "tags.%": "0"
                        },
                        "meta": {
                            "e2bfb730-ecaa-11e6-8f88-34363bc7c4c0": {
                                "delete": 1200000000000
                            }
                        },
                        "tainted": false
                    },
                    "deposed": [],
                    "provider": "provider.aws"
                },
                "aws_ecs_cluster.cluster": {
                    "type": "aws_ecs_cluster",
                    "depends_on": [],
                    "primary": {
                        "id": "arn:aws:ecs:eu-central-1:235611970694:cluster/production-ecs-cluster",
                        "attributes": {
                            "arn": "arn:aws:ecs:eu-central-1:235611970694:cluster/production-ecs-cluster",
                            "id": "arn:aws:ecs:eu-central-1:235611970694:cluster/production-ecs-cluster",
                            "name": "production-ecs-cluster",
                            "tags.%": "0"
                        },
                        "meta": {},
                        "tainted": false
                    },
                    "deposed": [],
                    "provider": "provider.aws"
                },
                "aws_ecs_service.web": {
                    "type": "aws_ecs_service",
                    "depends_on": [
                        "aws_alb_target_group.alb_target_group",
                        "aws_ecs_cluster.cluster",
                        "aws_ecs_task_definition.web",
                        "aws_iam_role_policy.ecs_service_role_policy",
                        "aws_security_group.ecs_service",
                        "data.aws_ecs_task_definition.web"
                    ],
                    "primary": {
                        "id": "arn:aws:ecs:eu-central-1:235611970694:service/production-web",
                        "attributes": {
                            "cluster": "arn:aws:ecs:eu-central-1:235611970694:cluster/production-ecs-cluster",
                            "deployment_controller.#": "1",
                            "deployment_controller.0.type": "ECS",
                            "deployment_maximum_percent": "200",
                            "deployment_minimum_healthy_percent": "100",
                            "desired_count": "1",
                            "enable_ecs_managed_tags": "false",
                            "health_check_grace_period_seconds": "0",
                            "iam_role": "aws-service-role",
                            "id": "arn:aws:ecs:eu-central-1:235611970694:service/production-web",
                            "launch_type": "FARGATE",
                            "load_balancer.#": "1",
                            "load_balancer.735714432.container_name": "web",
                            "load_balancer.735714432.container_port": "4000",
                            "load_balancer.735714432.elb_name": "",
                            "load_balancer.735714432.target_group_arn": "arn:aws:elasticloadbalancing:eu-central-1:235611970694:targetgroup/production-alb-target-group-c335/d05ca48b4e28fd3c",
                            "name": "production-web",
                            "network_configuration.#": "1",
                            "network_configuration.0.assign_public_ip": "false",
                            "network_configuration.0.security_groups.#": "4",
                            "network_configuration.0.security_groups.1891170607": "sg-0305128af98db27e4",
                            "network_configuration.0.security_groups.27599753": "sg-059e6e8df22a2a22a",
                            "network_configuration.0.security_groups.3032287483": "sg-0133afcb17081bcc6",
                            "network_configuration.0.security_groups.342030464": "sg-0e8549f18e3b3a937",
                            "network_configuration.0.subnets.#": "2",
                            "network_configuration.0.subnets.3022297632": "subnet-003a22ae49830c051",
                            "network_configuration.0.subnets.363848382": "subnet-0a6a0e7ce96d9c2b6",
                            "ordered_placement_strategy.#": "0",
                            "placement_constraints.#": "0",
                            "placement_strategy.#": "0",
                            "platform_version": "LATEST",
                            "propagate_tags": "NONE",
                            "scheduling_strategy": "REPLICA",
                            "service_registries.#": "0",
                            "tags.%": "0",
                            "task_definition": "production_web:31"
                        },
                        "meta": {},
                        "tainted": false
                    },
                    "deposed": [],
                    "provider": "provider.aws"
                },
                "aws_ecs_task_definition.web": {
                    "type": "aws_ecs_task_definition",
                    "depends_on": [
                        "aws_iam_role.ecs_execution_role",
                        "data.template_file.web_task"
                    ],
                    "primary": {
                        "id": "production_web",
                        "attributes": {
                            "arn": "arn:aws:ecs:eu-central-1:235611970694:task-definition/production_web:31",
                            "container_definitions": "[{\"cpu\":0,\"environment\":[{\"name\":\"MYSQL_DATABASE\",\"value\":\"ovassistant_mysql\"},{\"name\":\"REDIS_HOST\",\"value\":\"production-cache.tjtfko.0001.euc1.cache.amazonaws.com\"},{\"name\":\"MYSQL_PASSWORD\",\"value\":\"myproductionpassword\"},{\"name\":\"PORT\",\"value\":\"4000\"},{\"name\":\"MYSQL_URL\",\"value\":\"mysql://ovassistant_admin:myproductionpassword@production-database.cfmv0vbogkli.eu-central-1.rds.amazonaws.com:3306/ovassistant_mysql?encoding=utf8\u0026pool=40\"},{\"name\":\"MYSQL_USERNAME\",\"value\":\"ovassistant_admin\"},{\"name\":\"NODE_ENV\",\"value\":\"production\"},{\"name\":\"MYSQL_HOST\",\"value\":\"production-database.cfmv0vbogkli.eu-central-1.rds.amazonaws.com\"}],\"essential\":true,\"image\":\"235611970694.dkr.ecr.eu-central-1.amazonaws.com/stepri/nodejs-connection-test\",\"logConfiguration\":{\"logDriver\":\"awslogs\",\"options\":{\"awslogs-group\":\"ovassistant\",\"awslogs-region\":\"eu-central-1\",\"awslogs-stream-prefix\":\"web\"}},\"memory\":300,\"mountPoints\":[],\"name\":\"web\",\"portMappings\":[{\"containerPort\":4000,\"hostPort\":4000,\"protocol\":\"tcp\"}],\"volumesFrom\":[]}]",
                            "cpu": "256",
                            "execution_role_arn": "arn:aws:iam::235611970694:role/ecs_task_execution_role",
                            "family": "production_web",
                            "id": "production_web",
                            "memory": "512",
                            "network_mode": "awsvpc",
                            "placement_constraints.#": "0",
                            "requires_compatibilities.#": "1",
                            "requires_compatibilities.3072437307": "FARGATE",
                            "revision": "31",
                            "tags.%": "0",
                            "task_role_arn": "arn:aws:iam::235611970694:role/ecs_task_execution_role",
                            "volume.#": "0"
                        },
                        "meta": {
                            "schema_version": "1"
                        },
                        "tainted": false
                    },
                    "deposed": [],
                    "provider": "provider.aws"
                },
                "aws_iam_role.ecs_autoscale_role": {
                    "type": "aws_iam_role",
                    "depends_on": [],
                    "primary": {
                        "id": "production_ecs_autoscale_role",
                        "attributes": {
                            "arn": "arn:aws:iam::235611970694:role/production_ecs_autoscale_role",
                            "assume_role_policy": "{\"Version\":\"2012-10-17\",\"Statement\":[{\"Effect\":\"Allow\",\"Principal\":{\"Service\":\"application-autoscaling.amazonaws.com\"},\"Action\":\"sts:AssumeRole\"}]}",
                            "create_date": "2019-04-06T20:57:40Z",
                            "description": "",
                            "force_detach_policies": "false",
                            "id": "production_ecs_autoscale_role",
                            "max_session_duration": "3600",
                            "name": "production_ecs_autoscale_role",
                            "path": "/",
                            "tags.%": "0",
                            "unique_id": "AROATNW4RLSDNJOJQP5TQ"
                        },
                        "meta": {},
                        "tainted": false
                    },
                    "deposed": [],
                    "provider": "provider.aws"
                },
                "aws_iam_role.ecs_execution_role": {
                    "type": "aws_iam_role",
                    "depends_on": [],
                    "primary": {
                        "id": "ecs_task_execution_role",
                        "attributes": {
                            "arn": "arn:aws:iam::235611970694:role/ecs_task_execution_role",
                            "assume_role_policy": "{\"Version\":\"2012-10-17\",\"Statement\":[{\"Sid\":\"\",\"Effect\":\"Allow\",\"Principal\":{\"Service\":\"ecs-tasks.amazonaws.com\"},\"Action\":\"sts:AssumeRole\"}]}",
                            "create_date": "2019-04-06T20:57:40Z",
                            "description": "",
                            "force_detach_policies": "false",
                            "id": "ecs_task_execution_role",
                            "max_session_duration": "3600",
                            "name": "ecs_task_execution_role",
                            "path": "/",
                            "tags.%": "0",
                            "unique_id": "AROATNW4RLSDDP3HKZ5NV"
                        },
                        "meta": {},
                        "tainted": false
                    },
                    "deposed": [],
                    "provider": "provider.aws"
                },
                "aws_iam_role.ecs_role": {
                    "type": "aws_iam_role",
                    "depends_on": [
                        "data.aws_iam_policy_document.ecs_service_role"
                    ],
                    "primary": {
                        "id": "ecs_role",
                        "attributes": {
                            "arn": "arn:aws:iam::235611970694:role/ecs_role",
                            "assume_role_policy": "{\"Version\":\"2012-10-17\",\"Statement\":[{\"Sid\":\"\",\"Effect\":\"Allow\",\"Principal\":{\"Service\":\"ecs.amazonaws.com\"},\"Action\":\"sts:AssumeRole\"}]}",
                            "create_date": "2019-04-06T20:57:40Z",
                            "description": "",
                            "force_detach_policies": "false",
                            "id": "ecs_role",
                            "max_session_duration": "3600",
                            "name": "ecs_role",
                            "path": "/",
                            "tags.%": "0",
                            "unique_id": "AROATNW4RLSDJHRB4LBCD"
                        },
                        "meta": {},
                        "tainted": false
                    },
                    "deposed": [],
                    "provider": "provider.aws"
                },
                "aws_iam_role_policy.ecs_autoscale_role_policy": {
                    "type": "aws_iam_role_policy",
                    "depends_on": [
                        "aws_iam_role.ecs_autoscale_role"
                    ],
                    "primary": {
                        "id": "production_ecs_autoscale_role:ecs_autoscale_role_policy",
                        "attributes": {
                            "id": "production_ecs_autoscale_role:ecs_autoscale_role_policy",
                            "name": "ecs_autoscale_role_policy",
                            "policy": "{\n  \"Version\": \"2012-10-17\",\n  \"Statement\": [\n    {\n      \"Effect\": \"Allow\",\n      \"Action\": [\n        \"ecs:DescribeServices\",\n        \"ecs:UpdateService\"\n      ],\n      \"Resource\": [\n        \"*\"\n      ]\n    },\n    {\n      \"Effect\": \"Allow\",\n      \"Action\": [\n        \"cloudwatch:DescribeAlarms\"\n      ],\n      \"Resource\": [\n        \"*\"\n      ]\n    }\n  ]\n}\n",
                            "role": "production_ecs_autoscale_role"
                        },
                        "meta": {},
                        "tainted": false
                    },
                    "deposed": [],
                    "provider": "provider.aws"
                },
                "aws_iam_role_policy.ecs_execution_role_policy": {
                    "type": "aws_iam_role_policy",
                    "depends_on": [
                        "aws_iam_role.ecs_execution_role"
                    ],
                    "primary": {
                        "id": "ecs_task_execution_role:ecs_execution_role_policy",
                        "attributes": {
                            "id": "ecs_task_execution_role:ecs_execution_role_policy",
                            "name": "ecs_execution_role_policy",
                            "policy": "{\n  \"Version\": \"2012-10-17\",\n  \"Statement\": [\n    {\n      \"Effect\": \"Allow\",\n      \"Action\": [\n        \"ecr:GetAuthorizationToken\",\n        \"ecr:BatchCheckLayerAvailability\",\n        \"ecr:GetDownloadUrlForLayer\",\n        \"ecr:BatchGetImage\",\n        \"logs:CreateLogStream\",\n        \"logs:PutLogEvents\"\n      ],\n      \"Resource\": \"*\"\n    }\n  ]\n}\n",
                            "role": "ecs_task_execution_role"
                        },
                        "meta": {},
                        "tainted": false
                    },
                    "deposed": [],
                    "provider": "provider.aws"
                },
                "aws_iam_role_policy.ecs_service_role_policy": {
                    "type": "aws_iam_role_policy",
                    "depends_on": [
                        "aws_iam_role.ecs_role",
                        "data.aws_iam_policy_document.ecs_service_policy"
                    ],
                    "primary": {
                        "id": "ecs_role:ecs_service_role_policy",
                        "attributes": {
                            "id": "ecs_role:ecs_service_role_policy",
                            "name": "ecs_service_role_policy",
                            "policy": "{\n  \"Version\": \"2012-10-17\",\n  \"Statement\": [\n    {\n      \"Sid\": \"\",\n      \"Effect\": \"Allow\",\n      \"Action\": [\n        \"elasticloadbalancing:RegisterInstancesWithLoadBalancer\",\n        \"elasticloadbalancing:Describe*\",\n        \"elasticloadbalancing:DeregisterInstancesFromLoadBalancer\",\n        \"ec2:Describe*\",\n        \"ec2:AuthorizeSecurityGroupIngress\"\n      ],\n      \"Resource\": \"*\"\n    }\n  ]\n}",
                            "role": "ecs_role"
                        },
                        "meta": {},
                        "tainted": false
                    },
                    "deposed": [],
                    "provider": "provider.aws"
                },
                "aws_security_group.ecs_service": {
                    "type": "aws_security_group",
                    "depends_on": [],
                    "primary": {
                        "id": "sg-0305128af98db27e4",
                        "attributes": {
                            "arn": "arn:aws:ec2:eu-central-1:235611970694:security-group/sg-0305128af98db27e4",
                            "description": "Allow egress from container",
                            "egress.#": "1",
                            "egress.482069346.cidr_blocks.#": "1",
                            "egress.482069346.cidr_blocks.0": "0.0.0.0/0",
                            "egress.482069346.description": "",
                            "egress.482069346.from_port": "0",
                            "egress.482069346.ipv6_cidr_blocks.#": "0",
                            "egress.482069346.prefix_list_ids.#": "0",
                            "egress.482069346.protocol": "-1",
                            "egress.482069346.security_groups.#": "0",
                            "egress.482069346.self": "false",
                            "egress.482069346.to_port": "0",
                            "id": "sg-0305128af98db27e4",
                            "ingress.#": "1",
                            "ingress.3068409405.cidr_blocks.#": "1",
                            "ingress.3068409405.cidr_blocks.0": "0.0.0.0/0",
                            "ingress.3068409405.description": "",
                            "ingress.3068409405.from_port": "8",
                            "ingress.3068409405.ipv6_cidr_blocks.#": "0",
                            "ingress.3068409405.prefix_list_ids.#": "0",
                            "ingress.3068409405.protocol": "icmp",
                            "ingress.3068409405.security_groups.#": "0",
                            "ingress.3068409405.self": "false",
                            "ingress.3068409405.to_port": "0",
                            "name": "production-ecs-service-sg",
                            "owner_id": "235611970694",
                            "revoke_rules_on_delete": "false",
                            "tags.%": "2",
                            "tags.Environment": "production",
                            "tags.Name": "production-ecs-service-sg",
                            "vpc_id": "vpc-079b65e7329b53c0d"
                        },
                        "meta": {
                            "e2bfb730-ecaa-11e6-8f88-34363bc7c4c0": {
                                "create": 600000000000,
                                "delete": 600000000000
                            },
                            "schema_version": "1"
                        },
                        "tainted": false
                    },
                    "deposed": [],
                    "provider": "provider.aws"
                },
                "aws_security_group.web_inbound_sg": {
                    "type": "aws_security_group",
                    "depends_on": [],
                    "primary": {
                        "id": "sg-0d1abcd9765d797bc",
                        "attributes": {
                            "arn": "arn:aws:ec2:eu-central-1:235611970694:security-group/sg-0d1abcd9765d797bc",
                            "description": "Allow HTTP from Anywhere into ALB",
                            "egress.#": "1",
                            "egress.482069346.cidr_blocks.#": "1",
                            "egress.482069346.cidr_blocks.0": "0.0.0.0/0",
                            "egress.482069346.description": "",
                            "egress.482069346.from_port": "0",
                            "egress.482069346.ipv6_cidr_blocks.#": "0",
                            "egress.482069346.prefix_list_ids.#": "0",
                            "egress.482069346.protocol": "-1",
                            "egress.482069346.security_groups.#": "0",
                            "egress.482069346.self": "false",
                            "egress.482069346.to_port": "0",
                            "id": "sg-0d1abcd9765d797bc",
                            "ingress.#": "2",
                            "ingress.2214680975.cidr_blocks.#": "1",
                            "ingress.2214680975.cidr_blocks.0": "0.0.0.0/0",
                            "ingress.2214680975.description": "",
                            "ingress.2214680975.from_port": "80",
                            "ingress.2214680975.ipv6_cidr_blocks.#": "0",
                            "ingress.2214680975.prefix_list_ids.#": "0",
                            "ingress.2214680975.protocol": "tcp",
                            "ingress.2214680975.security_groups.#": "0",
                            "ingress.2214680975.self": "false",
                            "ingress.2214680975.to_port": "80",
                            "ingress.3068409405.cidr_blocks.#": "1",
                            "ingress.3068409405.cidr_blocks.0": "0.0.0.0/0",
                            "ingress.3068409405.description": "",
                            "ingress.3068409405.from_port": "8",
                            "ingress.3068409405.ipv6_cidr_blocks.#": "0",
                            "ingress.3068409405.prefix_list_ids.#": "0",
                            "ingress.3068409405.protocol": "icmp",
                            "ingress.3068409405.security_groups.#": "0",
                            "ingress.3068409405.self": "false",
                            "ingress.3068409405.to_port": "0",
                            "name": "production-web-inbound-sg",
                            "owner_id": "235611970694",
                            "revoke_rules_on_delete": "false",
                            "tags.%": "1",
                            "tags.Name": "production-web-inbound-sg",
                            "vpc_id": "vpc-079b65e7329b53c0d"
                        },
                        "meta": {
                            "e2bfb730-ecaa-11e6-8f88-34363bc7c4c0": {
                                "create": 600000000000,
                                "delete": 600000000000
                            },
                            "schema_version": "1"
                        },
                        "tainted": false
                    },
                    "deposed": [],
                    "provider": "provider.aws"
                },
                "data.aws_ecs_task_definition.web": {
                    "type": "aws_ecs_task_definition",
                    "depends_on": [
                        "aws_ecs_task_definition.web"
                    ],
                    "primary": {
                        "id": "arn:aws:ecs:eu-central-1:235611970694:task-definition/production_web:31",
                        "attributes": {
                            "family": "production_web",
                            "id": "arn:aws:ecs:eu-central-1:235611970694:task-definition/production_web:31",
                            "network_mode": "awsvpc",
                            "revision": "31",
                            "status": "ACTIVE",
                            "task_definition": "production_web",
                            "task_role_arn": "arn:aws:iam::235611970694:role/ecs_task_execution_role"
                        },
                        "meta": {},
                        "tainted": false
                    },
                    "deposed": [],
                    "provider": "provider.aws"
                },
                "data.aws_iam_policy_document.ecs_service_policy": {
                    "type": "aws_iam_policy_document",
                    "depends_on": [],
                    "primary": {
                        "id": "3615693260",
                        "attributes": {
                            "id": "3615693260",
                            "json": "{\n  \"Version\": \"2012-10-17\",\n  \"Statement\": [\n    {\n      \"Sid\": \"\",\n      \"Effect\": \"Allow\",\n      \"Action\": [\n        \"elasticloadbalancing:RegisterInstancesWithLoadBalancer\",\n        \"elasticloadbalancing:Describe*\",\n        \"elasticloadbalancing:DeregisterInstancesFromLoadBalancer\",\n        \"ec2:Describe*\",\n        \"ec2:AuthorizeSecurityGroupIngress\"\n      ],\n      \"Resource\": \"*\"\n    }\n  ]\n}",
                            "statement.#": "1",
                            "statement.0.actions.#": "5",
                            "statement.0.actions.2459212947": "ec2:Describe*",
                            "statement.0.actions.2464853358": "ec2:AuthorizeSecurityGroupIngress",
                            "statement.0.actions.2706807274": "elasticloadbalancing:DeregisterInstancesFromLoadBalancer",
                            "statement.0.actions.2747799858": "elasticloadbalancing:Describe*",
                            "statement.0.actions.982461153": "elasticloadbalancing:RegisterInstancesWithLoadBalancer",
                            "statement.0.condition.#": "0",
                            "statement.0.effect": "Allow",
                            "statement.0.not_actions.#": "0",
                            "statement.0.not_principals.#": "0",
                            "statement.0.not_resources.#": "0",
                            "statement.0.principals.#": "0",
                            "statement.0.resources.#": "1",
                            "statement.0.resources.2679715827": "*",
                            "statement.0.sid": "",
                            "version": "2012-10-17"
                        },
                        "meta": {},
                        "tainted": false
                    },
                    "deposed": [],
                    "provider": "provider.aws"
                },
                "data.aws_iam_policy_document.ecs_service_role": {
                    "type": "aws_iam_policy_document",
                    "depends_on": [],
                    "primary": {
                        "id": "3622649364",
                        "attributes": {
                            "id": "3622649364",
                            "json": "{\n  \"Version\": \"2012-10-17\",\n  \"Statement\": [\n    {\n      \"Sid\": \"\",\n      \"Effect\": \"Allow\",\n      \"Action\": \"sts:AssumeRole\",\n      \"Principal\": {\n        \"Service\": \"ecs.amazonaws.com\"\n      }\n    }\n  ]\n}",
                            "statement.#": "1",
                            "statement.0.actions.#": "1",
                            "statement.0.actions.2528466339": "sts:AssumeRole",
                            "statement.0.condition.#": "0",
                            "statement.0.effect": "Allow",
                            "statement.0.not_actions.#": "0",
                            "statement.0.not_principals.#": "0",
                            "statement.0.not_resources.#": "0",
                            "statement.0.principals.#": "1",
                            "statement.0.principals.1113412664.identifiers.#": "1",
                            "statement.0.principals.1113412664.identifiers.1509832800": "ecs.amazonaws.com",
                            "statement.0.principals.1113412664.type": "Service",
                            "statement.0.resources.#": "0",
                            "statement.0.sid": "",
                            "version": "2012-10-17"
                        },
                        "meta": {},
                        "tainted": false
                    },
                    "deposed": [],
                    "provider": "provider.aws"
                },
                "data.template_file.web_task": {
                    "type": "template_file",
                    "depends_on": [
                        "aws_cloudwatch_log_group.ovassistant",
                        "aws_ecr_repository.ovassistant_app"
                    ],
                    "primary": {
                        "id": "132007ed06e8a8e9f06d597116e53a7d708c6b664af9f3b7e40ac57756d24f06",
                        "attributes": {
                            "id": "132007ed06e8a8e9f06d597116e53a7d708c6b664af9f3b7e40ac57756d24f06",
                            "rendered": "[\n  {\n    \"name\": \"web\",\n    \"image\": \"235611970694.dkr.ecr.eu-central-1.amazonaws.com/stepri/nodejs-connection-test\",\n    \"portMappings\": [\n      {\n        \"containerPort\": 4000,\n        \"hostPort\": 4000\n      }\n    ],\n    \"memory\": 300,\n    \"networkMode\": \"awsvpc\",\n    \"logConfiguration\": {\n      \"logDriver\": \"awslogs\",\n      \"options\": {\n        \"awslogs-group\": \"ovassistant\",\n        \"awslogs-region\": \"eu-central-1\",\n        \"awslogs-stream-prefix\": \"web\"\n      }\n    },\n    \"environment\": [\n      {\n        \"name\": \"NODE_ENV\",\n        \"value\": \"production\"\n      },\n      {\n        \"name\": \"MYSQL_URL\",\n        \"value\": \"mysql://ovassistant_admin:myproductionpassword@production-database.cfmv0vbogkli.eu-central-1.rds.amazonaws.com:3306/ovassistant_mysql?encoding=utf8\u0026pool=40\"\n      },\n      {\n        \"name\": \"MYSQL_DATABASE\",\n        \"value\": \"ovassistant_mysql\"\n      },\n      {\n        \"name\": \"MYSQL_USERNAME\",\n        \"value\": \"ovassistant_admin\"\n      },\n      {\n        \"name\": \"MYSQL_PASSWORD\",\n        \"value\": \"myproductionpassword\"\n      },\n      {\n        \"name\": \"MYSQL_HOST\",\n        \"value\": \"production-database.cfmv0vbogkli.eu-central-1.rds.amazonaws.com\"\n      },\n      {\n        \"name\": \"REDIS_HOST\",\n        \"value\": \"production-cache.tjtfko.0001.euc1.cache.amazonaws.com\"\n      },\n      {\n        \"name\": \"PORT\",\n        \"value\": \"4000\"\n      }\n    ]\n  }\n]\n\n",
                            "template": "[\n  {\n    \"name\": \"web\",\n    \"image\": \"${image}\",\n    \"portMappings\": [\n      {\n        \"containerPort\": 4000,\n        \"hostPort\": 4000\n      }\n    ],\n    \"memory\": 300,\n    \"networkMode\": \"awsvpc\",\n    \"logConfiguration\": {\n      \"logDriver\": \"awslogs\",\n      \"options\": {\n        \"awslogs-group\": \"${log_group}\",\n        \"awslogs-region\": \"eu-central-1\",\n        \"awslogs-stream-prefix\": \"web\"\n      }\n    },\n    \"environment\": [\n      {\n        \"name\": \"NODE_ENV\",\n        \"value\": \"production\"\n      },\n      {\n        \"name\": \"MYSQL_URL\",\n        \"value\": \"${database_url}\"\n      },\n      {\n        \"name\": \"MYSQL_DATABASE\",\n        \"value\": \"${database_name}\"\n      },\n      {\n        \"name\": \"MYSQL_USERNAME\",\n        \"value\": \"${database_username}\"\n      },\n      {\n        \"name\": \"MYSQL_PASSWORD\",\n        \"value\": \"${database_password}\"\n      },\n      {\n        \"name\": \"MYSQL_HOST\",\n        \"value\": \"${database_host}\"\n      },\n      {\n        \"name\": \"REDIS_HOST\",\n        \"value\": \"${redis_host}\"\n      },\n      {\n        \"name\": \"PORT\",\n        \"value\": \"4000\"\n      }\n    ]\n  }\n]\n\n",
                            "vars.%": "8",
                            "vars.database_host": "production-database.cfmv0vbogkli.eu-central-1.rds.amazonaws.com",
                            "vars.database_name": "ovassistant_mysql",
                            "vars.database_password": "myproductionpassword",
                            "vars.database_url": "mysql://ovassistant_admin:myproductionpassword@production-database.cfmv0vbogkli.eu-central-1.rds.amazonaws.com:3306/ovassistant_mysql?encoding=utf8\u0026pool=40",
                            "vars.database_username": "ovassistant_admin",
                            "vars.image": "235611970694.dkr.ecr.eu-central-1.amazonaws.com/stepri/nodejs-connection-test",
                            "vars.log_group": "ovassistant",
                            "vars.redis_host": "production-cache.tjtfko.0001.euc1.cache.amazonaws.com"
                        },
                        "meta": {},
                        "tainted": false
                    },
                    "deposed": [],
                    "provider": "provider.template"
                },
                "random_id.target_group_sufix": {
                    "type": "random_id",
                    "depends_on": [],
                    "primary": {
                        "id": "wzU",
                        "attributes": {
                            "b64": "wzU",
                            "b64_std": "wzU=",
                            "b64_url": "wzU",
                            "byte_length": "2",
                            "dec": "49973",
                            "hex": "c335",
                            "id": "wzU"
                        },
                        "meta": {},
                        "tainted": false
                    },
                    "deposed": [],
                    "provider": "provider.random"
                }
            },
            "depends_on": []
        },
        {
            "path": [
                "root",
                "elasticache"
            ],
            "outputs": {
                "cache_access_sg_id": {
                    "sensitive": false,
                    "type": "string",
                    "value": "sg-0e8549f18e3b3a937"
                },
                "hostname": {
                    "sensitive": false,
                    "type": "string",
                    "value": "production-cache.tjtfko.0001.euc1.cache.amazonaws.com"
                },
                "port": {
                    "sensitive": false,
                    "type": "string",
                    "value": "6379"
                }
            },
            "resources": {
                "aws_elasticache_cluster.cache": {
                    "type": "aws_elasticache_cluster",
                    "depends_on": [
                        "aws_elasticache_parameter_group.cache",
                        "aws_elasticache_subnet_group.elasticache_subnet_group",
                        "aws_security_group.elasticache_sg"
                    ],
                    "primary": {
                        "id": "production-cache",
                        "attributes": {
                            "availability_zone": "eu-central-1a",
                            "az_mode": "single-az",
                            "cache_nodes.#": "1",
                            "cache_nodes.0.address": "production-cache.tjtfko.0001.euc1.cache.amazonaws.com",
                            "cache_nodes.0.availability_zone": "eu-central-1a",
                            "cache_nodes.0.id": "0001",
                            "cache_nodes.0.port": "6379",
                            "cluster_id": "production-cache",
                            "engine": "redis",
                            "engine_version": "5.0.0",
                            "id": "production-cache",
                            "maintenance_window": "fri:05:30-fri:06:30",
                            "node_type": "cache.t2.micro",
                            "num_cache_nodes": "1",
                            "parameter_group_name": "production-cache-parameter-group",
                            "port": "6379",
                            "security_group_ids.#": "1",
                            "security_group_ids.451347000": "sg-0d3ca93e4ccdb2d6f",
                            "security_group_names.#": "0",
                            "snapshot_retention_limit": "0",
                            "snapshot_window": "00:30-01:30",
                            "subnet_group_name": "production-elasticache-subnet-group",
                            "tags.%": "1",
                            "tags.Environment": "production"
                        },
                        "meta": {},
                        "tainted": false
                    },
                    "deposed": [],
                    "provider": "provider.aws"
                },
                "aws_elasticache_parameter_group.cache": {
                    "type": "aws_elasticache_parameter_group",
                    "depends_on": [],
                    "primary": {
                        "id": "production-cache-parameter-group",
                        "attributes": {
                            "description": "Managed by Terraform",
                            "family": "redis5.0",
                            "id": "production-cache-parameter-group",
                            "name": "production-cache-parameter-group",
                            "parameter.#": "0"
                        },
                        "meta": {},
                        "tainted": false
                    },
                    "deposed": [],
                    "provider": "provider.aws"
                },
                "aws_elasticache_subnet_group.elasticache_subnet_group": {
                    "type": "aws_elasticache_subnet_group",
                    "depends_on": [],
                    "primary": {
                        "id": "production-elasticache-subnet-group",
                        "attributes": {
                            "description": "ElastiCache subnet group",
                            "id": "production-elasticache-subnet-group",
                            "name": "production-elasticache-subnet-group",
                            "subnet_ids.#": "2",
                            "subnet_ids.3022297632": "subnet-003a22ae49830c051",
                            "subnet_ids.363848382": "subnet-0a6a0e7ce96d9c2b6"
                        },
                        "meta": {},
                        "tainted": false
                    },
                    "deposed": [],
                    "provider": "provider.aws"
                },
                "aws_security_group.cache_access_sg": {
                    "type": "aws_security_group",
                    "depends_on": [],
                    "primary": {
                        "id": "sg-0e8549f18e3b3a937",
                        "attributes": {
                            "arn": "arn:aws:ec2:eu-central-1:235611970694:security-group/sg-0e8549f18e3b3a937",
                            "description": "Allow access to ElastiCache",
                            "egress.#": "0",
                            "id": "sg-0e8549f18e3b3a937",
                            "ingress.#": "0",
                            "name": "production-cache-access-sg",
                            "owner_id": "235611970694",
                            "revoke_rules_on_delete": "false",
                            "tags.%": "2",
                            "tags.Environment": "production",
                            "tags.Name": "production-cache-access-sg",
                            "vpc_id": "vpc-079b65e7329b53c0d"
                        },
                        "meta": {
                            "e2bfb730-ecaa-11e6-8f88-34363bc7c4c0": {
                                "create": 600000000000,
                                "delete": 600000000000
                            },
                            "schema_version": "1"
                        },
                        "tainted": false
                    },
                    "deposed": [],
                    "provider": "provider.aws"
                },
                "aws_security_group.elasticache_sg": {
                    "type": "aws_security_group",
                    "depends_on": [
                        "aws_security_group.cache_access_sg"
                    ],
                    "primary": {
                        "id": "sg-0d3ca93e4ccdb2d6f",
                        "attributes": {
                            "arn": "arn:aws:ec2:eu-central-1:235611970694:security-group/sg-0d3ca93e4ccdb2d6f",
                            "description": "production Security Group",
                            "egress.#": "1",
                            "egress.482069346.cidr_blocks.#": "1",
                            "egress.482069346.cidr_blocks.0": "0.0.0.0/0",
                            "egress.482069346.description": "",
                            "egress.482069346.from_port": "0",
                            "egress.482069346.ipv6_cidr_blocks.#": "0",
                            "egress.482069346.prefix_list_ids.#": "0",
                            "egress.482069346.protocol": "-1",
                            "egress.482069346.security_groups.#": "0",
                            "egress.482069346.self": "false",
                            "egress.482069346.to_port": "0",
                            "id": "sg-0d3ca93e4ccdb2d6f",
                            "ingress.#": "2",
                            "ingress.474317724.cidr_blocks.#": "0",
                            "ingress.474317724.description": "",
                            "ingress.474317724.from_port": "6379",
                            "ingress.474317724.ipv6_cidr_blocks.#": "0",
                            "ingress.474317724.prefix_list_ids.#": "0",
                            "ingress.474317724.protocol": "tcp",
                            "ingress.474317724.security_groups.#": "1",
                            "ingress.474317724.security_groups.342030464": "sg-0e8549f18e3b3a937",
                            "ingress.474317724.self": "false",
                            "ingress.474317724.to_port": "6379",
                            "ingress.753360330.cidr_blocks.#": "0",
                            "ingress.753360330.description": "",
                            "ingress.753360330.from_port": "0",
                            "ingress.753360330.ipv6_cidr_blocks.#": "0",
                            "ingress.753360330.prefix_list_ids.#": "0",
                            "ingress.753360330.protocol": "-1",
                            "ingress.753360330.security_groups.#": "0",
                            "ingress.753360330.self": "true",
                            "ingress.753360330.to_port": "0",
                            "name": "production-elasticache-sg",
                            "owner_id": "235611970694",
                            "revoke_rules_on_delete": "false",
                            "tags.%": "2",
                            "tags.Environment": "production",
                            "tags.Name": "production-elasticache-sg",
                            "vpc_id": "vpc-079b65e7329b53c0d"
                        },
                        "meta": {
                            "e2bfb730-ecaa-11e6-8f88-34363bc7c4c0": {
                                "create": 600000000000,
                                "delete": 600000000000
                            },
                            "schema_version": "1"
                        },
                        "tainted": false
                    },
                    "deposed": [],
                    "provider": "provider.aws"
                }
            },
            "depends_on": []
        },
        {
            "path": [
                "root",
                "networking"
            ],
            "outputs": {
                "default_sg_id": {
                    "sensitive": false,
                    "type": "string",
                    "value": "sg-059e6e8df22a2a22a"
                },
                "private_subnets_id": {
                    "sensitive": false,
                    "type": "list",
                    "value": [
                        "subnet-0a6a0e7ce96d9c2b6",
                        "subnet-003a22ae49830c051"
                    ]
                },
                "public_subnets_id": {
                    "sensitive": false,
                    "type": "list",
                    "value": [
                        "subnet-0a037ff37a5499cc7",
                        "subnet-087995fc64021dee1"
                    ]
                },
                "security_groups_ids": {
                    "sensitive": false,
                    "type": "list",
                    "value": [
                        "sg-059e6e8df22a2a22a"
                    ]
                },
                "vpc_id": {
                    "sensitive": false,
                    "type": "string",
                    "value": "vpc-079b65e7329b53c0d"
                }
            },
            "resources": {
                "aws_eip.nat_eip": {
                    "type": "aws_eip",
                    "depends_on": [
                        "aws_internet_gateway.ig"
                    ],
                    "primary": {
                        "id": "eipalloc-054271270782ad544",
                        "attributes": {
                            "association_id": "eipassoc-7c1095b1",
                            "domain": "vpc",
                            "id": "eipalloc-054271270782ad544",
                            "instance": "",
                            "network_interface": "eni-033f5819bffdc85f4",
                            "private_dns": "ip-10-0-1-152.eu-central-1.compute.internal",
                            "private_ip": "10.0.1.152",
                            "public_dns": "ec2-35-158-87-97.eu-central-1.compute.amazonaws.com",
                            "public_ip": "35.158.87.97",
                            "public_ipv4_pool": "amazon",
                            "tags.%": "0",
                            "vpc": "true"
                        },
                        "meta": {
                            "e2bfb730-ecaa-11e6-8f88-34363bc7c4c0": {
                                "delete": 180000000000,
                                "read": 900000000000,
                                "update": 300000000000
                            }
                        },
                        "tainted": false
                    },
                    "deposed": [],
                    "provider": "provider.aws"
                },
                "aws_internet_gateway.ig": {
                    "type": "aws_internet_gateway",
                    "depends_on": [
                        "aws_vpc.vpc"
                    ],
                    "primary": {
                        "id": "igw-0ef0aa5338ff97d5c",
                        "attributes": {
                            "id": "igw-0ef0aa5338ff97d5c",
                            "owner_id": "235611970694",
                            "tags.%": "2",
                            "tags.Environment": "production",
                            "tags.Name": "production-igw",
                            "vpc_id": "vpc-079b65e7329b53c0d"
                        },
                        "meta": {},
                        "tainted": false
                    },
                    "deposed": [],
                    "provider": "provider.aws"
                },
                "aws_nat_gateway.nat": {
                    "type": "aws_nat_gateway",
                    "depends_on": [
                        "aws_eip.nat_eip",
                        "aws_internet_gateway.ig",
                        "aws_subnet.public_subnet.*"
                    ],
                    "primary": {
                        "id": "nat-0386545fc5c14a2a7",
                        "attributes": {
                            "allocation_id": "eipalloc-054271270782ad544",
                            "id": "nat-0386545fc5c14a2a7",
                            "network_interface_id": "eni-033f5819bffdc85f4",
                            "private_ip": "10.0.1.152",
                            "public_ip": "35.158.87.97",
                            "subnet_id": "subnet-0a037ff37a5499cc7",
                            "tags.%": "2",
                            "tags.Environment": "production",
                            "tags.Name": "production-eu-central-1a-nat"
                        },
                        "meta": {},
                        "tainted": false
                    },
                    "deposed": [],
                    "provider": "provider.aws"
                },
                "aws_route.private_nat_gateway": {
                    "type": "aws_route",
                    "depends_on": [
                        "aws_nat_gateway.nat",
                        "aws_route_table.private"
                    ],
                    "primary": {
                        "id": "r-rtb-0741c8b6ec46597af1080289494",
                        "attributes": {
                            "destination_cidr_block": "0.0.0.0/0",
                            "destination_prefix_list_id": "",
                            "egress_only_gateway_id": "",
                            "gateway_id": "",
                            "id": "r-rtb-0741c8b6ec46597af1080289494",
                            "instance_id": "",
                            "instance_owner_id": "",
                            "nat_gateway_id": "nat-0386545fc5c14a2a7",
                            "network_interface_id": "",
                            "origin": "CreateRoute",
                            "route_table_id": "rtb-0741c8b6ec46597af",
                            "state": "active",
                            "transit_gateway_id": "",
                            "vpc_peering_connection_id": ""
                        },
                        "meta": {
                            "e2bfb730-ecaa-11e6-8f88-34363bc7c4c0": {
                                "create": 120000000000,
                                "delete": 300000000000
                            }
                        },
                        "tainted": false
                    },
                    "deposed": [],
                    "provider": "provider.aws"
                },
                "aws_route.public_internet_gateway": {
                    "type": "aws_route",
                    "depends_on": [
                        "aws_internet_gateway.ig",
                        "aws_route_table.public"
                    ],
                    "primary": {
                        "id": "r-rtb-01ed840e24f8e649a1080289494",
                        "attributes": {
                            "destination_cidr_block": "0.0.0.0/0",
                            "destination_prefix_list_id": "",
                            "egress_only_gateway_id": "",
                            "gateway_id": "igw-0ef0aa5338ff97d5c",
                            "id": "r-rtb-01ed840e24f8e649a1080289494",
                            "instance_id": "",
                            "instance_owner_id": "",
                            "nat_gateway_id": "",
                            "network_interface_id": "",
                            "origin": "CreateRoute",
                            "route_table_id": "rtb-01ed840e24f8e649a",
                            "state": "active",
                            "transit_gateway_id": "",
                            "vpc_peering_connection_id": ""
                        },
                        "meta": {
                            "e2bfb730-ecaa-11e6-8f88-34363bc7c4c0": {
                                "create": 120000000000,
                                "delete": 300000000000
                            }
                        },
                        "tainted": false
                    },
                    "deposed": [],
                    "provider": "provider.aws"
                },
                "aws_route_table.private": {
                    "type": "aws_route_table",
                    "depends_on": [
                        "aws_vpc.vpc"
                    ],
                    "primary": {
                        "id": "rtb-0741c8b6ec46597af",
                        "attributes": {
                            "id": "rtb-0741c8b6ec46597af",
                            "owner_id": "235611970694",
                            "propagating_vgws.#": "0",
                            "route.#": "1",
                            "route.1790642996.cidr_block": "0.0.0.0/0",
                            "route.1790642996.egress_only_gateway_id": "",
                            "route.1790642996.gateway_id": "",
                            "route.1790642996.instance_id": "",
                            "route.1790642996.ipv6_cidr_block": "",
                            "route.1790642996.nat_gateway_id": "nat-0386545fc5c14a2a7",
                            "route.1790642996.network_interface_id": "",
                            "route.1790642996.transit_gateway_id": "",
                            "route.1790642996.vpc_peering_connection_id": "",
                            "tags.%": "2",
                            "tags.Environment": "production",
                            "tags.Name": "production-private-route-table",
                            "vpc_id": "vpc-079b65e7329b53c0d"
                        },
                        "meta": {},
                        "tainted": false
                    },
                    "deposed": [],
                    "provider": "provider.aws"
                },
                "aws_route_table.public": {
                    "type": "aws_route_table",
                    "depends_on": [
                        "aws_vpc.vpc"
                    ],
                    "primary": {
                        "id": "rtb-01ed840e24f8e649a",
                        "attributes": {
                            "id": "rtb-01ed840e24f8e649a",
                            "owner_id": "235611970694",
                            "propagating_vgws.#": "0",
                            "route.#": "1",
                            "route.1029004464.cidr_block": "0.0.0.0/0",
                            "route.1029004464.egress_only_gateway_id": "",
                            "route.1029004464.gateway_id": "igw-0ef0aa5338ff97d5c",
                            "route.1029004464.instance_id": "",
                            "route.1029004464.ipv6_cidr_block": "",
                            "route.1029004464.nat_gateway_id": "",
                            "route.1029004464.network_interface_id": "",
                            "route.1029004464.transit_gateway_id": "",
                            "route.1029004464.vpc_peering_connection_id": "",
                            "tags.%": "2",
                            "tags.Environment": "production",
                            "tags.Name": "production-public-route-table",
                            "vpc_id": "vpc-079b65e7329b53c0d"
                        },
                        "meta": {},
                        "tainted": false
                    },
                    "deposed": [],
                    "provider": "provider.aws"
                },
                "aws_route_table_association.private.0": {
                    "type": "aws_route_table_association",
                    "depends_on": [
                        "aws_route_table.private",
                        "aws_subnet.private_subnet.*"
                    ],
                    "primary": {
                        "id": "rtbassoc-0e0fd931c8bf7d2e0",
                        "attributes": {
                            "id": "rtbassoc-0e0fd931c8bf7d2e0",
                            "route_table_id": "rtb-0741c8b6ec46597af",
                            "subnet_id": "subnet-0a6a0e7ce96d9c2b6"
                        },
                        "meta": {},
                        "tainted": false
                    },
                    "deposed": [],
                    "provider": "provider.aws"
                },
                "aws_route_table_association.private.1": {
                    "type": "aws_route_table_association",
                    "depends_on": [
                        "aws_route_table.private",
                        "aws_subnet.private_subnet.*"
                    ],
                    "primary": {
                        "id": "rtbassoc-0f5b9df45a17588b1",
                        "attributes": {
                            "id": "rtbassoc-0f5b9df45a17588b1",
                            "route_table_id": "rtb-0741c8b6ec46597af",
                            "subnet_id": "subnet-003a22ae49830c051"
                        },
                        "meta": {},
                        "tainted": false
                    },
                    "deposed": [],
                    "provider": "provider.aws"
                },
                "aws_route_table_association.public.0": {
                    "type": "aws_route_table_association",
                    "depends_on": [
                        "aws_route_table.public",
                        "aws_subnet.public_subnet.*"
                    ],
                    "primary": {
                        "id": "rtbassoc-0cb9da63cdcb16f0a",
                        "attributes": {
                            "id": "rtbassoc-0cb9da63cdcb16f0a",
                            "route_table_id": "rtb-01ed840e24f8e649a",
                            "subnet_id": "subnet-0a037ff37a5499cc7"
                        },
                        "meta": {},
                        "tainted": false
                    },
                    "deposed": [],
                    "provider": "provider.aws"
                },
                "aws_route_table_association.public.1": {
                    "type": "aws_route_table_association",
                    "depends_on": [
                        "aws_route_table.public",
                        "aws_subnet.public_subnet.*"
                    ],
                    "primary": {
                        "id": "rtbassoc-0e8d07929969ec5bf",
                        "attributes": {
                            "id": "rtbassoc-0e8d07929969ec5bf",
                            "route_table_id": "rtb-01ed840e24f8e649a",
                            "subnet_id": "subnet-087995fc64021dee1"
                        },
                        "meta": {},
                        "tainted": false
                    },
                    "deposed": [],
                    "provider": "provider.aws"
                },
                "aws_security_group.default": {
                    "type": "aws_security_group",
                    "depends_on": [
                        "aws_vpc.vpc"
                    ],
                    "primary": {
                        "id": "sg-059e6e8df22a2a22a",
                        "attributes": {
                            "arn": "arn:aws:ec2:eu-central-1:235611970694:security-group/sg-059e6e8df22a2a22a",
                            "description": "Default security group to allow inbound/outbound from the VPC",
                            "egress.#": "1",
                            "egress.753360330.cidr_blocks.#": "0",
                            "egress.753360330.description": "",
                            "egress.753360330.from_port": "0",
                            "egress.753360330.ipv6_cidr_blocks.#": "0",
                            "egress.753360330.prefix_list_ids.#": "0",
                            "egress.753360330.protocol": "-1",
                            "egress.753360330.security_groups.#": "0",
                            "egress.753360330.self": "true",
                            "egress.753360330.to_port": "0",
                            "id": "sg-059e6e8df22a2a22a",
                            "ingress.#": "1",
                            "ingress.753360330.cidr_blocks.#": "0",
                            "ingress.753360330.description": "",
                            "ingress.753360330.from_port": "0",
                            "ingress.753360330.ipv6_cidr_blocks.#": "0",
                            "ingress.753360330.prefix_list_ids.#": "0",
                            "ingress.753360330.protocol": "-1",
                            "ingress.753360330.security_groups.#": "0",
                            "ingress.753360330.self": "true",
                            "ingress.753360330.to_port": "0",
                            "name": "production-default-sg",
                            "owner_id": "235611970694",
                            "revoke_rules_on_delete": "false",
                            "tags.%": "1",
                            "tags.Environment": "production",
                            "vpc_id": "vpc-079b65e7329b53c0d"
                        },
                        "meta": {
                            "e2bfb730-ecaa-11e6-8f88-34363bc7c4c0": {
                                "create": 600000000000,
                                "delete": 600000000000
                            },
                            "schema_version": "1"
                        },
                        "tainted": false
                    },
                    "deposed": [],
                    "provider": "provider.aws"
                },
                "aws_subnet.private_subnet.0": {
                    "type": "aws_subnet",
                    "depends_on": [
                        "aws_vpc.vpc"
                    ],
                    "primary": {
                        "id": "subnet-0a6a0e7ce96d9c2b6",
                        "attributes": {
                            "arn": "arn:aws:ec2:eu-central-1:235611970694:subnet/subnet-0a6a0e7ce96d9c2b6",
                            "assign_ipv6_address_on_creation": "false",
                            "availability_zone": "eu-central-1a",
                            "availability_zone_id": "euc1-az2",
                            "cidr_block": "10.0.10.0/24",
                            "id": "subnet-0a6a0e7ce96d9c2b6",
                            "ipv6_cidr_block": "",
                            "ipv6_cidr_block_association_id": "",
                            "map_public_ip_on_launch": "false",
                            "owner_id": "235611970694",
                            "tags.%": "2",
                            "tags.Environment": "production",
                            "tags.Name": "production-eu-central-1a-private-subnet",
                            "vpc_id": "vpc-079b65e7329b53c0d"
                        },
                        "meta": {
                            "e2bfb730-ecaa-11e6-8f88-34363bc7c4c0": {
                                "create": 600000000000,
                                "delete": 600000000000
                            },
                            "schema_version": "1"
                        },
                        "tainted": false
                    },
                    "deposed": [],
                    "provider": "provider.aws"
                },
                "aws_subnet.private_subnet.1": {
                    "type": "aws_subnet",
                    "depends_on": [
                        "aws_vpc.vpc"
                    ],
                    "primary": {
                        "id": "subnet-003a22ae49830c051",
                        "attributes": {
                            "arn": "arn:aws:ec2:eu-central-1:235611970694:subnet/subnet-003a22ae49830c051",
                            "assign_ipv6_address_on_creation": "false",
                            "availability_zone": "eu-central-1b",
                            "availability_zone_id": "euc1-az3",
                            "cidr_block": "10.0.20.0/24",
                            "id": "subnet-003a22ae49830c051",
                            "ipv6_cidr_block": "",
                            "ipv6_cidr_block_association_id": "",
                            "map_public_ip_on_launch": "false",
                            "owner_id": "235611970694",
                            "tags.%": "2",
                            "tags.Environment": "production",
                            "tags.Name": "production-eu-central-1b-private-subnet",
                            "vpc_id": "vpc-079b65e7329b53c0d"
                        },
                        "meta": {
                            "e2bfb730-ecaa-11e6-8f88-34363bc7c4c0": {
                                "create": 600000000000,
                                "delete": 600000000000
                            },
                            "schema_version": "1"
                        },
                        "tainted": false
                    },
                    "deposed": [],
                    "provider": "provider.aws"
                },
                "aws_subnet.public_subnet.0": {
                    "type": "aws_subnet",
                    "depends_on": [
                        "aws_vpc.vpc"
                    ],
                    "primary": {
                        "id": "subnet-0a037ff37a5499cc7",
                        "attributes": {
                            "arn": "arn:aws:ec2:eu-central-1:235611970694:subnet/subnet-0a037ff37a5499cc7",
                            "assign_ipv6_address_on_creation": "false",
                            "availability_zone": "eu-central-1a",
                            "availability_zone_id": "euc1-az2",
                            "cidr_block": "10.0.1.0/24",
                            "id": "subnet-0a037ff37a5499cc7",
                            "ipv6_cidr_block": "",
                            "ipv6_cidr_block_association_id": "",
                            "map_public_ip_on_launch": "true",
                            "owner_id": "235611970694",
                            "tags.%": "2",
                            "tags.Environment": "production",
                            "tags.Name": "production-eu-central-1a-public-subnet",
                            "vpc_id": "vpc-079b65e7329b53c0d"
                        },
                        "meta": {
                            "e2bfb730-ecaa-11e6-8f88-34363bc7c4c0": {
                                "create": 600000000000,
                                "delete": 600000000000
                            },
                            "schema_version": "1"
                        },
                        "tainted": false
                    },
                    "deposed": [],
                    "provider": "provider.aws"
                },
                "aws_subnet.public_subnet.1": {
                    "type": "aws_subnet",
                    "depends_on": [
                        "aws_vpc.vpc"
                    ],
                    "primary": {
                        "id": "subnet-087995fc64021dee1",
                        "attributes": {
                            "arn": "arn:aws:ec2:eu-central-1:235611970694:subnet/subnet-087995fc64021dee1",
                            "assign_ipv6_address_on_creation": "false",
                            "availability_zone": "eu-central-1b",
                            "availability_zone_id": "euc1-az3",
                            "cidr_block": "10.0.2.0/24",
                            "id": "subnet-087995fc64021dee1",
                            "ipv6_cidr_block": "",
                            "ipv6_cidr_block_association_id": "",
                            "map_public_ip_on_launch": "true",
                            "owner_id": "235611970694",
                            "tags.%": "2",
                            "tags.Environment": "production",
                            "tags.Name": "production-eu-central-1b-public-subnet",
                            "vpc_id": "vpc-079b65e7329b53c0d"
                        },
                        "meta": {
                            "e2bfb730-ecaa-11e6-8f88-34363bc7c4c0": {
                                "create": 600000000000,
                                "delete": 600000000000
                            },
                            "schema_version": "1"
                        },
                        "tainted": false
                    },
                    "deposed": [],
                    "provider": "provider.aws"
                },
                "aws_vpc.vpc": {
                    "type": "aws_vpc",
                    "depends_on": [],
                    "primary": {
                        "id": "vpc-079b65e7329b53c0d",
                        "attributes": {
                            "arn": "arn:aws:ec2:eu-central-1:235611970694:vpc/vpc-079b65e7329b53c0d",
                            "assign_generated_ipv6_cidr_block": "false",
                            "cidr_block": "10.0.0.0/16",
                            "default_network_acl_id": "acl-0722d739d9a48f16b",
                            "default_route_table_id": "rtb-07c8e1baa6c48a107",
                            "default_security_group_id": "sg-03a6ef8965b302982",
                            "dhcp_options_id": "dopt-68733403",
                            "enable_dns_hostnames": "true",
                            "enable_dns_support": "true",
                            "id": "vpc-079b65e7329b53c0d",
                            "instance_tenancy": "default",
                            "ipv6_association_id": "",
                            "ipv6_cidr_block": "",
                            "main_route_table_id": "rtb-07c8e1baa6c48a107",
                            "owner_id": "235611970694",
                            "tags.%": "2",
                            "tags.Environment": "production",
                            "tags.Name": "production-vpc"
                        },
                        "meta": {
                            "schema_version": "1"
                        },
                        "tainted": false
                    },
                    "deposed": [],
                    "provider": "provider.aws"
                }
            },
            "depends_on": []
        },
        {
            "path": [
                "root",
                "rds"
            ],
            "outputs": {
                "db_access_sg_id": {
                    "sensitive": false,
                    "type": "string",
                    "value": "sg-0133afcb17081bcc6"
                },
                "rds_address": {
                    "sensitive": false,
                    "type": "string",
                    "value": "production-database.cfmv0vbogkli.eu-central-1.rds.amazonaws.com"
                }
            },
            "resources": {
                "aws_db_instance.rds": {
                    "type": "aws_db_instance",
                    "depends_on": [
                        "aws_db_subnet_group.rds_subnet_group",
                        "aws_security_group.rds_sg"
                    ],
                    "primary": {
                        "id": "production-database",
                        "attributes": {
                            "address": "production-database.cfmv0vbogkli.eu-central-1.rds.amazonaws.com",
                            "allocated_storage": "20",
                            "arn": "arn:aws:rds:eu-central-1:235611970694:db:production-database",
                            "auto_minor_version_upgrade": "true",
                            "availability_zone": "eu-central-1b",
                            "backup_retention_period": "0",
                            "backup_window": "20:47-21:17",
                            "ca_cert_identifier": "rds-ca-2015",
                            "copy_tags_to_snapshot": "false",
                            "db_subnet_group_name": "production-rds-subnet-group",
                            "deletion_protection": "false",
                            "domain": "",
                            "domain_iam_role_name": "",
                            "enabled_cloudwatch_logs_exports.#": "0",
                            "endpoint": "production-database.cfmv0vbogkli.eu-central-1.rds.amazonaws.com:3306",
                            "engine": "mysql",
                            "engine_version": "5.7.23",
                            "hosted_zone_id": "Z1RLNUO7B9Q6NB",
                            "iam_database_authentication_enabled": "false",
                            "id": "production-database",
                            "identifier": "production-database",
                            "instance_class": "db.t2.micro",
                            "iops": "0",
                            "kms_key_id": "",
                            "license_model": "general-public-license",
                            "maintenance_window": "fri:22:24-fri:22:54",
                            "monitoring_interval": "0",
                            "multi_az": "false",
                            "name": "ovassistant_mysql",
                            "option_group_name": "default:mysql-5-7",
                            "parameter_group_name": "default.mysql5.7",
                            "password": "myproductionpassword",
                            "port": "3306",
                            "publicly_accessible": "false",
                            "replicas.#": "0",
                            "replicate_source_db": "",
                            "resource_id": "db-46TCRFNJVMENX72DMWJGOHTVUI",
                            "security_group_names.#": "0",
                            "skip_final_snapshot": "true",
                            "status": "available",
                            "storage_encrypted": "false",
                            "storage_type": "gp2",
                            "tags.%": "1",
                            "tags.Environment": "production",
                            "timezone": "",
                            "username": "ovassistant_admin",
                            "vpc_security_group_ids.#": "1",
                            "vpc_security_group_ids.904991370": "sg-01cb5b0e83e10aeac"
                        },
                        "meta": {
                            "e2bfb730-ecaa-11e6-8f88-34363bc7c4c0": {
                                "create": 2400000000000,
                                "delete": 2400000000000,
                                "update": 4800000000000
                            }
                        },
                        "tainted": false
                    },
                    "deposed": [],
                    "provider": "provider.aws"
                },
                "aws_db_subnet_group.rds_subnet_group": {
                    "type": "aws_db_subnet_group",
                    "depends_on": [],
                    "primary": {
                        "id": "production-rds-subnet-group",
                        "attributes": {
                            "arn": "arn:aws:rds:eu-central-1:235611970694:subgrp:production-rds-subnet-group",
                            "description": "RDS subnet group",
                            "id": "production-rds-subnet-group",
                            "name": "production-rds-subnet-group",
                            "subnet_ids.#": "2",
                            "subnet_ids.3022297632": "subnet-003a22ae49830c051",
                            "subnet_ids.363848382": "subnet-0a6a0e7ce96d9c2b6",
                            "tags.%": "1",
                            "tags.Environment": "production"
                        },
                        "meta": {},
                        "tainted": false
                    },
                    "deposed": [],
                    "provider": "provider.aws"
                },
                "aws_security_group.db_access_sg": {
                    "type": "aws_security_group",
                    "depends_on": [],
                    "primary": {
                        "id": "sg-0133afcb17081bcc6",
                        "attributes": {
                            "arn": "arn:aws:ec2:eu-central-1:235611970694:security-group/sg-0133afcb17081bcc6",
                            "description": "Allow access to RDS",
                            "egress.#": "0",
                            "id": "sg-0133afcb17081bcc6",
                            "ingress.#": "0",
                            "name": "production-db-access-sg",
                            "owner_id": "235611970694",
                            "revoke_rules_on_delete": "false",
                            "tags.%": "2",
                            "tags.Environment": "production",
                            "tags.Name": "production-db-access-sg",
                            "vpc_id": "vpc-079b65e7329b53c0d"
                        },
                        "meta": {
                            "e2bfb730-ecaa-11e6-8f88-34363bc7c4c0": {
                                "create": 600000000000,
                                "delete": 600000000000
                            },
                            "schema_version": "1"
                        },
                        "tainted": false
                    },
                    "deposed": [],
                    "provider": "provider.aws"
                },
                "aws_security_group.rds_sg": {
                    "type": "aws_security_group",
                    "depends_on": [
                        "aws_security_group.db_access_sg"
                    ],
                    "primary": {
                        "id": "sg-01cb5b0e83e10aeac",
                        "attributes": {
                            "arn": "arn:aws:ec2:eu-central-1:235611970694:security-group/sg-01cb5b0e83e10aeac",
                            "description": "production Security Group",
                            "egress.#": "1",
                            "egress.482069346.cidr_blocks.#": "1",
                            "egress.482069346.cidr_blocks.0": "0.0.0.0/0",
                            "egress.482069346.description": "",
                            "egress.482069346.from_port": "0",
                            "egress.482069346.ipv6_cidr_blocks.#": "0",
                            "egress.482069346.prefix_list_ids.#": "0",
                            "egress.482069346.protocol": "-1",
                            "egress.482069346.security_groups.#": "0",
                            "egress.482069346.self": "false",
                            "egress.482069346.to_port": "0",
                            "id": "sg-01cb5b0e83e10aeac",
                            "ingress.#": "2",
                            "ingress.150557019.cidr_blocks.#": "0",
                            "ingress.150557019.description": "",
                            "ingress.150557019.from_port": "3306",
                            "ingress.150557019.ipv6_cidr_blocks.#": "0",
                            "ingress.150557019.prefix_list_ids.#": "0",
                            "ingress.150557019.protocol": "tcp",
                            "ingress.150557019.security_groups.#": "1",
                            "ingress.150557019.security_groups.3032287483": "sg-0133afcb17081bcc6",
                            "ingress.150557019.self": "false",
                            "ingress.150557019.to_port": "3306",
                            "ingress.753360330.cidr_blocks.#": "0",
                            "ingress.753360330.description": "",
                            "ingress.753360330.from_port": "0",
                            "ingress.753360330.ipv6_cidr_blocks.#": "0",
                            "ingress.753360330.prefix_list_ids.#": "0",
                            "ingress.753360330.protocol": "-1",
                            "ingress.753360330.security_groups.#": "0",
                            "ingress.753360330.self": "true",
                            "ingress.753360330.to_port": "0",
                            "name": "production-rds-sg",
                            "owner_id": "235611970694",
                            "revoke_rules_on_delete": "false",
                            "tags.%": "2",
                            "tags.Environment": "production",
                            "tags.Name": "production-rds-sg",
                            "vpc_id": "vpc-079b65e7329b53c0d"
                        },
                        "meta": {
                            "e2bfb730-ecaa-11e6-8f88-34363bc7c4c0": {
                                "create": 600000000000,
                                "delete": 600000000000
                            },
                            "schema_version": "1"
                        },
                        "tainted": false
                    },
                    "deposed": [],
                    "provider": "provider.aws"
                }
            },
            "depends_on": []
        }
    ]
}
